// !$*UTF8*$!
{
	archiveVersion = 1;
	classes = {
	};
	objectVersion = 48;
	objects = {

/* Begin PBXBuildFile section */
		1A7ADBC95017E43D41801CCF /* libPods-PetTransport.a in Frameworks */ = {isa = PBXBuildFile; fileRef = 4BB26645850275AC9BCE72C1 /* libPods-PetTransport.a */; };
		58492B98225007E200496C82 /* BookTransportViewController.m in Sources */ = {isa = PBXBuildFile; fileRef = 58492B97225007E200496C82 /* BookTransportViewController.m */; };
		58492B9C2250133E00496C82 /* LocationManager.m in Sources */ = {isa = PBXBuildFile; fileRef = 58492B9B2250133E00496C82 /* LocationManager.m */; };
		586A6A86225141E8001E3FB2 /* TrackDriverViewController.m in Sources */ = {isa = PBXBuildFile; fileRef = 586A6A85225141E8001E3FB2 /* TrackDriverViewController.m */; };
		5872B7B422515A730034F2F9 /* car-icon.png in Resources */ = {isa = PBXBuildFile; fileRef = 5872B7B322515A730034F2F9 /* car-icon.png */; };
		9396CA0622474B3400F6248F /* AppDelegate.m in Sources */ = {isa = PBXBuildFile; fileRef = 9396CA0522474B3400F6248F /* AppDelegate.m */; };
		9396CA0922474B3400F6248F /* ViewController.m in Sources */ = {isa = PBXBuildFile; fileRef = 9396CA0822474B3400F6248F /* ViewController.m */; };
		9396CA0C22474B3400F6248F /* Main.storyboard in Resources */ = {isa = PBXBuildFile; fileRef = 9396CA0A22474B3400F6248F /* Main.storyboard */; };
		9396CA0E22474B3400F6248F /* Assets.xcassets in Resources */ = {isa = PBXBuildFile; fileRef = 9396CA0D22474B3400F6248F /* Assets.xcassets */; };
		9396CA1122474B3400F6248F /* LaunchScreen.storyboard in Resources */ = {isa = PBXBuildFile; fileRef = 9396CA0F22474B3400F6248F /* LaunchScreen.storyboard */; };
		9396CA1422474B3400F6248F /* main.m in Sources */ = {isa = PBXBuildFile; fileRef = 9396CA1322474B3400F6248F /* main.m */; };
		9396CA1E22474B3400F6248F /* PetTransportTests.m in Sources */ = {isa = PBXBuildFile; fileRef = 9396CA1D22474B3400F6248F /* PetTransportTests.m */; };
		9396CA2922474B3400F6248F /* PetTransportUITests.m in Sources */ = {isa = PBXBuildFile; fileRef = 9396CA2822474B3400F6248F /* PetTransportUITests.m */; };
/* End PBXBuildFile section */

/* Begin PBXContainerItemProxy section */
		9396CA1A22474B3400F6248F /* PBXContainerItemProxy */ = {
			isa = PBXContainerItemProxy;
			containerPortal = 9396C9F922474B3400F6248F /* Project object */;
			proxyType = 1;
			remoteGlobalIDString = 9396CA0022474B3400F6248F;
			remoteInfo = PetTransport;
		};
		9396CA2522474B3400F6248F /* PBXContainerItemProxy */ = {
			isa = PBXContainerItemProxy;
			containerPortal = 9396C9F922474B3400F6248F /* Project object */;
			proxyType = 1;
			remoteGlobalIDString = 9396CA0022474B3400F6248F;
			remoteInfo = PetTransport;
		};
/* End PBXContainerItemProxy section */

/* Begin PBXFileReference section */
		2DA518D2C3703E00AB69C7DB /* Pods-PetTransport.release.xcconfig */ = {isa = PBXFileReference; includeInIndex = 1; lastKnownFileType = text.xcconfig; name = "Pods-PetTransport.release.xcconfig"; path = "Pods/Target Support Files/Pods-PetTransport/Pods-PetTransport.release.xcconfig"; sourceTree = "<group>"; };
		3F4F54E0D8D01DEBBEB88CAC /* Pods-PetTransport.debug.xcconfig */ = {isa = PBXFileReference; includeInIndex = 1; lastKnownFileType = text.xcconfig; name = "Pods-PetTransport.debug.xcconfig"; path = "Pods/Target Support Files/Pods-PetTransport/Pods-PetTransport.debug.xcconfig"; sourceTree = "<group>"; };
		4BB26645850275AC9BCE72C1 /* libPods-PetTransport.a */ = {isa = PBXFileReference; explicitFileType = archive.ar; includeInIndex = 0; path = "libPods-PetTransport.a"; sourceTree = BUILT_PRODUCTS_DIR; };
		58492B96225007E200496C82 /* BookTransportViewController.h */ = {isa = PBXFileReference; lastKnownFileType = sourcecode.c.h; path = BookTransportViewController.h; sourceTree = "<group>"; };
		58492B97225007E200496C82 /* BookTransportViewController.m */ = {isa = PBXFileReference; lastKnownFileType = sourcecode.c.objc; path = BookTransportViewController.m; sourceTree = "<group>"; };
		58492B9A2250133E00496C82 /* LocationManager.h */ = {isa = PBXFileReference; lastKnownFileType = sourcecode.c.h; path = LocationManager.h; sourceTree = "<group>"; };
		58492B9B2250133E00496C82 /* LocationManager.m */ = {isa = PBXFileReference; lastKnownFileType = sourcecode.c.objc; path = LocationManager.m; sourceTree = "<group>"; };
		586A6A84225141E8001E3FB2 /* TrackDriverViewController.h */ = {isa = PBXFileReference; lastKnownFileType = sourcecode.c.h; path = TrackDriverViewController.h; sourceTree = "<group>"; };
		586A6A85225141E8001E3FB2 /* TrackDriverViewController.m */ = {isa = PBXFileReference; lastKnownFileType = sourcecode.c.objc; path = TrackDriverViewController.m; sourceTree = "<group>"; };
		5872B7B322515A730034F2F9 /* car-icon.png */ = {isa = PBXFileReference; lastKnownFileType = image.png; path = "car-icon.png"; sourceTree = "<group>"; };
		9396CA0122474B3400F6248F /* PetTransport.app */ = {isa = PBXFileReference; explicitFileType = wrapper.application; includeInIndex = 0; path = PetTransport.app; sourceTree = BUILT_PRODUCTS_DIR; };
		9396CA0422474B3400F6248F /* AppDelegate.h */ = {isa = PBXFileReference; lastKnownFileType = sourcecode.c.h; path = AppDelegate.h; sourceTree = "<group>"; };
		9396CA0522474B3400F6248F /* AppDelegate.m */ = {isa = PBXFileReference; lastKnownFileType = sourcecode.c.objc; path = AppDelegate.m; sourceTree = "<group>"; };
		9396CA0722474B3400F6248F /* ViewController.h */ = {isa = PBXFileReference; lastKnownFileType = sourcecode.c.h; path = ViewController.h; sourceTree = "<group>"; };
		9396CA0822474B3400F6248F /* ViewController.m */ = {isa = PBXFileReference; lastKnownFileType = sourcecode.c.objc; path = ViewController.m; sourceTree = "<group>"; };
		9396CA0B22474B3400F6248F /* Base */ = {isa = PBXFileReference; lastKnownFileType = file.storyboard; name = Base; path = Base.lproj/Main.storyboard; sourceTree = "<group>"; };
		9396CA0D22474B3400F6248F /* Assets.xcassets */ = {isa = PBXFileReference; lastKnownFileType = folder.assetcatalog; path = Assets.xcassets; sourceTree = "<group>"; };
		9396CA1022474B3400F6248F /* Base */ = {isa = PBXFileReference; lastKnownFileType = file.storyboard; name = Base; path = Base.lproj/LaunchScreen.storyboard; sourceTree = "<group>"; };
		9396CA1222474B3400F6248F /* Info.plist */ = {isa = PBXFileReference; lastKnownFileType = text.plist.xml; path = Info.plist; sourceTree = "<group>"; };
		9396CA1322474B3400F6248F /* main.m */ = {isa = PBXFileReference; lastKnownFileType = sourcecode.c.objc; path = main.m; sourceTree = "<group>"; };
		9396CA1922474B3400F6248F /* PetTransportTests.xctest */ = {isa = PBXFileReference; explicitFileType = wrapper.cfbundle; includeInIndex = 0; path = PetTransportTests.xctest; sourceTree = BUILT_PRODUCTS_DIR; };
		9396CA1D22474B3400F6248F /* PetTransportTests.m */ = {isa = PBXFileReference; lastKnownFileType = sourcecode.c.objc; path = PetTransportTests.m; sourceTree = "<group>"; };
		9396CA1F22474B3400F6248F /* Info.plist */ = {isa = PBXFileReference; lastKnownFileType = text.plist.xml; path = Info.plist; sourceTree = "<group>"; };
		9396CA2422474B3400F6248F /* PetTransportUITests.xctest */ = {isa = PBXFileReference; explicitFileType = wrapper.cfbundle; includeInIndex = 0; path = PetTransportUITests.xctest; sourceTree = BUILT_PRODUCTS_DIR; };
		9396CA2822474B3400F6248F /* PetTransportUITests.m */ = {isa = PBXFileReference; lastKnownFileType = sourcecode.c.objc; path = PetTransportUITests.m; sourceTree = "<group>"; };
		9396CA2A22474B3400F6248F /* Info.plist */ = {isa = PBXFileReference; lastKnownFileType = text.plist.xml; path = Info.plist; sourceTree = "<group>"; };
/* End PBXFileReference section */

/* Begin PBXFrameworksBuildPhase section */
		9396C9FE22474B3400F6248F /* Frameworks */ = {
			isa = PBXFrameworksBuildPhase;
			buildActionMask = 2147483647;
			files = (
				1A7ADBC95017E43D41801CCF /* libPods-PetTransport.a in Frameworks */,
			);
			runOnlyForDeploymentPostprocessing = 0;
		};
		9396CA1622474B3400F6248F /* Frameworks */ = {
			isa = PBXFrameworksBuildPhase;
			buildActionMask = 2147483647;
			files = (
			);
			runOnlyForDeploymentPostprocessing = 0;
		};
		9396CA2122474B3400F6248F /* Frameworks */ = {
			isa = PBXFrameworksBuildPhase;
			buildActionMask = 2147483647;
			files = (
			);
			runOnlyForDeploymentPostprocessing = 0;
		};
/* End PBXFrameworksBuildPhase section */

/* Begin PBXGroup section */
		1B2FFDC27B7B48683AC2F571 /* Pods */ = {
			isa = PBXGroup;
			children = (
				3F4F54E0D8D01DEBBEB88CAC /* Pods-PetTransport.debug.xcconfig */,
				2DA518D2C3703E00AB69C7DB /* Pods-PetTransport.release.xcconfig */,
			);
			name = Pods;
			sourceTree = "<group>";
		};
		58492B95225007D000496C82 /* Controllers */ = {
			isa = PBXGroup;
			children = (
				58492B96225007E200496C82 /* BookTransportViewController.h */,
				58492B97225007E200496C82 /* BookTransportViewController.m */,
				586A6A84225141E8001E3FB2 /* TrackDriverViewController.h */,
				586A6A85225141E8001E3FB2 /* TrackDriverViewController.m */,
			);
			path = Controllers;
			sourceTree = "<group>";
		};
		58492B992250130700496C82 /* Services */ = {
			isa = PBXGroup;
			children = (
				58492B9A2250133E00496C82 /* LocationManager.h */,
				58492B9B2250133E00496C82 /* LocationManager.m */,
			);
			path = Services;
			sourceTree = "<group>";
		};
		5872B7B222515A590034F2F9 /* Images */ = {
			isa = PBXGroup;
			children = (
				5872B7B322515A730034F2F9 /* car-icon.png */,
			);
			path = Images;
			sourceTree = "<group>";
		};
		689D4D9DECFB0A771627FB83 /* Frameworks */ = {
			isa = PBXGroup;
			children = (
				4BB26645850275AC9BCE72C1 /* libPods-PetTransport.a */,
			);
			name = Frameworks;
			sourceTree = "<group>";
		};
		9396C9F822474B3400F6248F = {
			isa = PBXGroup;
			children = (
				9396CA0322474B3400F6248F /* PetTransport */,
				9396CA1C22474B3400F6248F /* PetTransportTests */,
				9396CA2722474B3400F6248F /* PetTransportUITests */,
				9396CA0222474B3400F6248F /* Products */,
				1B2FFDC27B7B48683AC2F571 /* Pods */,
				689D4D9DECFB0A771627FB83 /* Frameworks */,
			);
			sourceTree = "<group>";
		};
		9396CA0222474B3400F6248F /* Products */ = {
			isa = PBXGroup;
			children = (
				9396CA0122474B3400F6248F /* PetTransport.app */,
				9396CA1922474B3400F6248F /* PetTransportTests.xctest */,
				9396CA2422474B3400F6248F /* PetTransportUITests.xctest */,
			);
			name = Products;
			sourceTree = "<group>";
		};
		9396CA0322474B3400F6248F /* PetTransport */ = {
			isa = PBXGroup;
			children = (
				5872B7B222515A590034F2F9 /* Images */,
				58492B992250130700496C82 /* Services */,
				58492B95225007D000496C82 /* Controllers */,
				9396CA0422474B3400F6248F /* AppDelegate.h */,
				9396CA0522474B3400F6248F /* AppDelegate.m */,
				9396CA0722474B3400F6248F /* ViewController.h */,
				9396CA0822474B3400F6248F /* ViewController.m */,
				9396CA0A22474B3400F6248F /* Main.storyboard */,
				9396CA0D22474B3400F6248F /* Assets.xcassets */,
				9396CA0F22474B3400F6248F /* LaunchScreen.storyboard */,
				9396CA1222474B3400F6248F /* Info.plist */,
				9396CA1322474B3400F6248F /* main.m */,
			);
			path = PetTransport;
			sourceTree = "<group>";
		};
		9396CA1C22474B3400F6248F /* PetTransportTests */ = {
			isa = PBXGroup;
			children = (
				9396CA1D22474B3400F6248F /* PetTransportTests.m */,
				9396CA1F22474B3400F6248F /* Info.plist */,
			);
			path = PetTransportTests;
			sourceTree = "<group>";
		};
		9396CA2722474B3400F6248F /* PetTransportUITests */ = {
			isa = PBXGroup;
			children = (
				9396CA2822474B3400F6248F /* PetTransportUITests.m */,
				9396CA2A22474B3400F6248F /* Info.plist */,
			);
			path = PetTransportUITests;
			sourceTree = "<group>";
		};
/* End PBXGroup section */

/* Begin PBXNativeTarget section */
		9396CA0022474B3400F6248F /* PetTransport */ = {
			isa = PBXNativeTarget;
			buildConfigurationList = 9396CA2D22474B3400F6248F /* Build configuration list for PBXNativeTarget "PetTransport" */;
			buildPhases = (
				1C836A464244B0237D0D4068 /* [CP] Check Pods Manifest.lock */,
				9396C9FD22474B3400F6248F /* Sources */,
				9396C9FE22474B3400F6248F /* Frameworks */,
				9396C9FF22474B3400F6248F /* Resources */,
				CC20DEE722DCDF2BB22C51EB /* [CP] Copy Pods Resources */,
			);
			buildRules = (
			);
			dependencies = (
			);
			name = PetTransport;
			productName = PetTransport;
			productReference = 9396CA0122474B3400F6248F /* PetTransport.app */;
			productType = "com.apple.product-type.application";
		};
		9396CA1822474B3400F6248F /* PetTransportTests */ = {
			isa = PBXNativeTarget;
			buildConfigurationList = 9396CA3022474B3400F6248F /* Build configuration list for PBXNativeTarget "PetTransportTests" */;
			buildPhases = (
				9396CA1522474B3400F6248F /* Sources */,
				9396CA1622474B3400F6248F /* Frameworks */,
				9396CA1722474B3400F6248F /* Resources */,
			);
			buildRules = (
			);
			dependencies = (
				9396CA1B22474B3400F6248F /* PBXTargetDependency */,
			);
			name = PetTransportTests;
			productName = PetTransportTests;
			productReference = 9396CA1922474B3400F6248F /* PetTransportTests.xctest */;
			productType = "com.apple.product-type.bundle.unit-test";
		};
		9396CA2322474B3400F6248F /* PetTransportUITests */ = {
			isa = PBXNativeTarget;
			buildConfigurationList = 9396CA3322474B3400F6248F /* Build configuration list for PBXNativeTarget "PetTransportUITests" */;
			buildPhases = (
				9396CA2022474B3400F6248F /* Sources */,
				9396CA2122474B3400F6248F /* Frameworks */,
				9396CA2222474B3400F6248F /* Resources */,
			);
			buildRules = (
			);
			dependencies = (
				9396CA2622474B3400F6248F /* PBXTargetDependency */,
			);
			name = PetTransportUITests;
			productName = PetTransportUITests;
			productReference = 9396CA2422474B3400F6248F /* PetTransportUITests.xctest */;
			productType = "com.apple.product-type.bundle.ui-testing";
		};
/* End PBXNativeTarget section */

/* Begin PBXProject section */
		9396C9F922474B3400F6248F /* Project object */ = {
			isa = PBXProject;
			attributes = {
				LastUpgradeCheck = 0920;
				ORGANIZATIONNAME = "agustina markosich";
				TargetAttributes = {
					9396CA0022474B3400F6248F = {
						CreatedOnToolsVersion = 9.2;
						ProvisioningStyle = Automatic;
					};
					9396CA1822474B3400F6248F = {
						CreatedOnToolsVersion = 9.2;
						ProvisioningStyle = Automatic;
						TestTargetID = 9396CA0022474B3400F6248F;
					};
					9396CA2322474B3400F6248F = {
						CreatedOnToolsVersion = 9.2;
						ProvisioningStyle = Automatic;
						TestTargetID = 9396CA0022474B3400F6248F;
					};
				};
			};
			buildConfigurationList = 9396C9FC22474B3400F6248F /* Build configuration list for PBXProject "PetTransport" */;
			compatibilityVersion = "Xcode 8.0";
			developmentRegion = en;
			hasScannedForEncodings = 0;
			knownRegions = (
				en,
				Base,
			);
			mainGroup = 9396C9F822474B3400F6248F;
			productRefGroup = 9396CA0222474B3400F6248F /* Products */;
			projectDirPath = "";
			projectRoot = "";
			targets = (
				9396CA0022474B3400F6248F /* PetTransport */,
				9396CA1822474B3400F6248F /* PetTransportTests */,
				9396CA2322474B3400F6248F /* PetTransportUITests */,
			);
		};
/* End PBXProject section */

/* Begin PBXResourcesBuildPhase section */
		9396C9FF22474B3400F6248F /* Resources */ = {
			isa = PBXResourcesBuildPhase;
			buildActionMask = 2147483647;
			files = (
				9396CA1122474B3400F6248F /* LaunchScreen.storyboard in Resources */,
				9396CA0E22474B3400F6248F /* Assets.xcassets in Resources */,
				9396CA0C22474B3400F6248F /* Main.storyboard in Resources */,
				5872B7B422515A730034F2F9 /* car-icon.png in Resources */,
			);
			runOnlyForDeploymentPostprocessing = 0;
		};
		9396CA1722474B3400F6248F /* Resources */ = {
			isa = PBXResourcesBuildPhase;
			buildActionMask = 2147483647;
			files = (
			);
			runOnlyForDeploymentPostprocessing = 0;
		};
		9396CA2222474B3400F6248F /* Resources */ = {
			isa = PBXResourcesBuildPhase;
			buildActionMask = 2147483647;
			files = (
			);
			runOnlyForDeploymentPostprocessing = 0;
		};
/* End PBXResourcesBuildPhase section */

/* Begin PBXShellScriptBuildPhase section */
		1C836A464244B0237D0D4068 /* [CP] Check Pods Manifest.lock */ = {
			isa = PBXShellScriptBuildPhase;
			buildActionMask = 2147483647;
			files = (
			);
			inputPaths = (
				"${PODS_PODFILE_DIR_PATH}/Podfile.lock",
				"${PODS_ROOT}/Manifest.lock",
			);
			name = "[CP] Check Pods Manifest.lock";
			outputPaths = (
				"$(DERIVED_FILE_DIR)/Pods-PetTransport-checkManifestLockResult.txt",
			);
			runOnlyForDeploymentPostprocessing = 0;
			shellPath = /bin/sh;
			shellScript = "diff \"${PODS_PODFILE_DIR_PATH}/Podfile.lock\" \"${PODS_ROOT}/Manifest.lock\" > /dev/null\nif [ $? != 0 ] ; then\n    # print error to STDERR\n    echo \"error: The sandbox is not in sync with the Podfile.lock. Run 'pod install' or update your CocoaPods installation.\" >&2\n    exit 1\nfi\n# This output is used by Xcode 'outputs' to avoid re-running this script phase.\necho \"SUCCESS\" > \"${SCRIPT_OUTPUT_FILE_0}\"\n";
			showEnvVarsInLog = 0;
		};
		CC20DEE722DCDF2BB22C51EB /* [CP] Copy Pods Resources */ = {
			isa = PBXShellScriptBuildPhase;
			buildActionMask = 2147483647;
			files = (
			);
			inputPaths = (
				"${PODS_ROOT}/Target Support Files/Pods-PetTransport/Pods-PetTransport-resources.sh",
				"${PODS_ROOT}/GoogleMaps/Maps/Frameworks/GoogleMaps.framework/Resources/GoogleMaps.bundle",
				"${PODS_ROOT}/GooglePlaces/Frameworks/GooglePlaces.framework/Resources/GooglePlaces.bundle",
			);
			name = "[CP] Copy Pods Resources";
			outputPaths = (
				"${TARGET_BUILD_DIR}/${UNLOCALIZED_RESOURCES_FOLDER_PATH}/GoogleMaps.bundle",
				"${TARGET_BUILD_DIR}/${UNLOCALIZED_RESOURCES_FOLDER_PATH}/GooglePlaces.bundle",
			);
			runOnlyForDeploymentPostprocessing = 0;
			shellPath = /bin/sh;
			shellScript = "\"${PODS_ROOT}/Target Support Files/Pods-PetTransport/Pods-PetTransport-resources.sh\"\n";
			showEnvVarsInLog = 0;
		};
/* End PBXShellScriptBuildPhase section */

/* Begin PBXSourcesBuildPhase section */
		9396C9FD22474B3400F6248F /* Sources */ = {
			isa = PBXSourcesBuildPhase;
			buildActionMask = 2147483647;
			files = (
				9396CA0922474B3400F6248F /* ViewController.m in Sources */,
				58492B9C2250133E00496C82 /* LocationManager.m in Sources */,
				586A6A86225141E8001E3FB2 /* TrackDriverViewController.m in Sources */,
				9396CA1422474B3400F6248F /* main.m in Sources */,
				9396CA0622474B3400F6248F /* AppDelegate.m in Sources */,
				58492B98225007E200496C82 /* BookTransportViewController.m in Sources */,
			);
			runOnlyForDeploymentPostprocessing = 0;
		};
		9396CA1522474B3400F6248F /* Sources */ = {
			isa = PBXSourcesBuildPhase;
			buildActionMask = 2147483647;
			files = (
				9396CA1E22474B3400F6248F /* PetTransportTests.m in Sources */,
			);
			runOnlyForDeploymentPostprocessing = 0;
		};
		9396CA2022474B3400F6248F /* Sources */ = {
			isa = PBXSourcesBuildPhase;
			buildActionMask = 2147483647;
			files = (
				9396CA2922474B3400F6248F /* PetTransportUITests.m in Sources */,
			);
			runOnlyForDeploymentPostprocessing = 0;
		};
/* End PBXSourcesBuildPhase section */

/* Begin PBXTargetDependency section */
		9396CA1B22474B3400F6248F /* PBXTargetDependency */ = {
			isa = PBXTargetDependency;
			target = 9396CA0022474B3400F6248F /* PetTransport */;
			targetProxy = 9396CA1A22474B3400F6248F /* PBXContainerItemProxy */;
		};
		9396CA2622474B3400F6248F /* PBXTargetDependency */ = {
			isa = PBXTargetDependency;
			target = 9396CA0022474B3400F6248F /* PetTransport */;
			targetProxy = 9396CA2522474B3400F6248F /* PBXContainerItemProxy */;
		};
/* End PBXTargetDependency section */

/* Begin PBXVariantGroup section */
		9396CA0A22474B3400F6248F /* Main.storyboard */ = {
			isa = PBXVariantGroup;
			children = (
				9396CA0B22474B3400F6248F /* Base */,
			);
			name = Main.storyboard;
			sourceTree = "<group>";
		};
		9396CA0F22474B3400F6248F /* LaunchScreen.storyboard */ = {
			isa = PBXVariantGroup;
			children = (
				9396CA1022474B3400F6248F /* Base */,
			);
			name = LaunchScreen.storyboard;
			sourceTree = "<group>";
		};
/* End PBXVariantGroup section */

/* Begin XCBuildConfiguration section */
		9396CA2B22474B3400F6248F /* Debug */ = {
			isa = XCBuildConfiguration;
			buildSettings = {
				ALWAYS_SEARCH_USER_PATHS = NO;
				CLANG_ANALYZER_NONNULL = YES;
				CLANG_ANALYZER_NUMBER_OBJECT_CONVERSION = YES_AGGRESSIVE;
				CLANG_CXX_LANGUAGE_STANDARD = "gnu++14";
				CLANG_CXX_LIBRARY = "libc++";
				CLANG_ENABLE_MODULES = YES;
				CLANG_ENABLE_OBJC_ARC = YES;
				CLANG_WARN_BLOCK_CAPTURE_AUTORELEASING = YES;
				CLANG_WARN_BOOL_CONVERSION = YES;
				CLANG_WARN_COMMA = YES;
				CLANG_WARN_CONSTANT_CONVERSION = YES;
				CLANG_WARN_DIRECT_OBJC_ISA_USAGE = YES_ERROR;
				CLANG_WARN_DOCUMENTATION_COMMENTS = YES;
				CLANG_WARN_EMPTY_BODY = YES;
				CLANG_WARN_ENUM_CONVERSION = YES;
				CLANG_WARN_INFINITE_RECURSION = YES;
				CLANG_WARN_INT_CONVERSION = YES;
				CLANG_WARN_NON_LITERAL_NULL_CONVERSION = YES;
				CLANG_WARN_OBJC_LITERAL_CONVERSION = YES;
				CLANG_WARN_OBJC_ROOT_CLASS = YES_ERROR;
				CLANG_WARN_RANGE_LOOP_ANALYSIS = YES;
				CLANG_WARN_STRICT_PROTOTYPES = YES;
				CLANG_WARN_SUSPICIOUS_MOVE = YES;
				CLANG_WARN_UNGUARDED_AVAILABILITY = YES_AGGRESSIVE;
				CLANG_WARN_UNREACHABLE_CODE = YES;
				CLANG_WARN__DUPLICATE_METHOD_MATCH = YES;
				CODE_SIGN_IDENTITY = "iPhone Developer";
				COPY_PHASE_STRIP = NO;
				DEBUG_INFORMATION_FORMAT = dwarf;
				ENABLE_STRICT_OBJC_MSGSEND = YES;
				ENABLE_TESTABILITY = YES;
				GCC_C_LANGUAGE_STANDARD = gnu11;
				GCC_DYNAMIC_NO_PIC = NO;
				GCC_NO_COMMON_BLOCKS = YES;
				GCC_OPTIMIZATION_LEVEL = 0;
				GCC_PREPROCESSOR_DEFINITIONS = (
					"DEBUG=1",
					"$(inherited)",
				);
				GCC_WARN_64_TO_32_BIT_CONVERSION = YES;
				GCC_WARN_ABOUT_RETURN_TYPE = YES_ERROR;
				GCC_WARN_UNDECLARED_SELECTOR = YES;
				GCC_WARN_UNINITIALIZED_AUTOS = YES_AGGRESSIVE;
				GCC_WARN_UNUSED_FUNCTION = YES;
				GCC_WARN_UNUSED_VARIABLE = YES;
				IPHONEOS_DEPLOYMENT_TARGET = 11.2;
				MTL_ENABLE_DEBUG_INFO = YES;
				ONLY_ACTIVE_ARCH = YES;
				SDKROOT = iphoneos;
			};
			name = Debug;
		};
		9396CA2C22474B3400F6248F /* Release */ = {
			isa = XCBuildConfiguration;
			buildSettings = {
				ALWAYS_SEARCH_USER_PATHS = NO;
				CLANG_ANALYZER_NONNULL = YES;
				CLANG_ANALYZER_NUMBER_OBJECT_CONVERSION = YES_AGGRESSIVE;
				CLANG_CXX_LANGUAGE_STANDARD = "gnu++14";
				CLANG_CXX_LIBRARY = "libc++";
				CLANG_ENABLE_MODULES = YES;
				CLANG_ENABLE_OBJC_ARC = YES;
				CLANG_WARN_BLOCK_CAPTURE_AUTORELEASING = YES;
				CLANG_WARN_BOOL_CONVERSION = YES;
				CLANG_WARN_COMMA = YES;
				CLANG_WARN_CONSTANT_CONVERSION = YES;
				CLANG_WARN_DIRECT_OBJC_ISA_USAGE = YES_ERROR;
				CLANG_WARN_DOCUMENTATION_COMMENTS = YES;
				CLANG_WARN_EMPTY_BODY = YES;
				CLANG_WARN_ENUM_CONVERSION = YES;
				CLANG_WARN_INFINITE_RECURSION = YES;
				CLANG_WARN_INT_CONVERSION = YES;
				CLANG_WARN_NON_LITERAL_NULL_CONVERSION = YES;
				CLANG_WARN_OBJC_LITERAL_CONVERSION = YES;
				CLANG_WARN_OBJC_ROOT_CLASS = YES_ERROR;
				CLANG_WARN_RANGE_LOOP_ANALYSIS = YES;
				CLANG_WARN_STRICT_PROTOTYPES = YES;
				CLANG_WARN_SUSPICIOUS_MOVE = YES;
				CLANG_WARN_UNGUARDED_AVAILABILITY = YES_AGGRESSIVE;
				CLANG_WARN_UNREACHABLE_CODE = YES;
				CLANG_WARN__DUPLICATE_METHOD_MATCH = YES;
				CODE_SIGN_IDENTITY = "iPhone Developer";
				COPY_PHASE_STRIP = NO;
				DEBUG_INFORMATION_FORMAT = "dwarf-with-dsym";
				ENABLE_NS_ASSERTIONS = NO;
				ENABLE_STRICT_OBJC_MSGSEND = YES;
				GCC_C_LANGUAGE_STANDARD = gnu11;
				GCC_NO_COMMON_BLOCKS = YES;
				GCC_WARN_64_TO_32_BIT_CONVERSION = YES;
				GCC_WARN_ABOUT_RETURN_TYPE = YES_ERROR;
				GCC_WARN_UNDECLARED_SELECTOR = YES;
				GCC_WARN_UNINITIALIZED_AUTOS = YES_AGGRESSIVE;
				GCC_WARN_UNUSED_FUNCTION = YES;
				GCC_WARN_UNUSED_VARIABLE = YES;
				IPHONEOS_DEPLOYMENT_TARGET = 11.2;
				MTL_ENABLE_DEBUG_INFO = NO;
				SDKROOT = iphoneos;
				VALIDATE_PRODUCT = YES;
			};
			name = Release;
		};
		9396CA2E22474B3400F6248F /* Debug */ = {
			isa = XCBuildConfiguration;
			baseConfigurationReference = 3F4F54E0D8D01DEBBEB88CAC /* Pods-PetTransport.debug.xcconfig */;
			buildSettings = {
				ASSETCATALOG_COMPILER_APPICON_NAME = AppIcon;
				CODE_SIGN_STYLE = Automatic;
				INFOPLIST_FILE = PetTransport/Info.plist;
				LD_RUNPATH_SEARCH_PATHS = "$(inherited) @executable_path/Frameworks";
				PRODUCT_BUNDLE_IDENTIFIER = com.petTransport.PetTransport;
				PRODUCT_NAME = "$(TARGET_NAME)";
				TARGETED_DEVICE_FAMILY = "1,2";
			};
			name = Debug;
		};
		9396CA2F22474B3400F6248F /* Release */ = {
			isa = XCBuildConfiguration;
			baseConfigurationReference = 2DA518D2C3703E00AB69C7DB /* Pods-PetTransport.release.xcconfig */;
			buildSettings = {
				ASSETCATALOG_COMPILER_APPICON_NAME = AppIcon;
				CODE_SIGN_STYLE = Automatic;
				INFOPLIST_FILE = PetTransport/Info.plist;
				LD_RUNPATH_SEARCH_PATHS = "$(inherited) @executable_path/Frameworks";
				PRODUCT_BUNDLE_IDENTIFIER = com.petTransport.PetTransport;
				PRODUCT_NAME = "$(TARGET_NAME)";
				TARGETED_DEVICE_FAMILY = "1,2";
			};
			name = Release;
		};
		9396CA3122474B3400F6248F /* Debug */ = {
			isa = XCBuildConfiguration;
			buildSettings = {
				BUNDLE_LOADER = "$(TEST_HOST)";
				CODE_SIGN_STYLE = Automatic;
				INFOPLIST_FILE = PetTransportTests/Info.plist;
				LD_RUNPATH_SEARCH_PATHS = "$(inherited) @executable_path/Frameworks @loader_path/Frameworks";
				PRODUCT_BUNDLE_IDENTIFIER = com.petTransport.PetTransportTests;
				PRODUCT_NAME = "$(TARGET_NAME)";
				TARGETED_DEVICE_FAMILY = "1,2";
				TEST_HOST = "$(BUILT_PRODUCTS_DIR)/PetTransport.app/PetTransport";
			};
			name = Debug;
		};
		9396CA3222474B3400F6248F /* Release */ = {
			isa = XCBuildConfiguration;
			buildSettings = {
				BUNDLE_LOADER = "$(TEST_HOST)";
				CODE_SIGN_STYLE = Automatic;
				INFOPLIST_FILE = PetTransportTests/Info.plist;
				LD_RUNPATH_SEARCH_PATHS = "$(inherited) @executable_path/Frameworks @loader_path/Frameworks";
				PRODUCT_BUNDLE_IDENTIFIER = com.petTransport.PetTransportTests;
				PRODUCT_NAME = "$(TARGET_NAME)";
				TARGETED_DEVICE_FAMILY = "1,2";
				TEST_HOST = "$(BUILT_PRODUCTS_DIR)/PetTransport.app/PetTransport";
			};
			name = Release;
		};
		9396CA3422474B3400F6248F /* Debug */ = {
			isa = XCBuildConfiguration;
			buildSettings = {
				CODE_SIGN_STYLE = Automatic;
				INFOPLIST_FILE = PetTransportUITests/Info.plist;
				LD_RUNPATH_SEARCH_PATHS = "$(inherited) @executable_path/Frameworks @loader_path/Frameworks";
				PRODUCT_BUNDLE_IDENTIFIER = com.petTransport.PetTransportUITests;
				PRODUCT_NAME = "$(TARGET_NAME)";
				TARGETED_DEVICE_FAMILY = "1,2";
				TEST_TARGET_NAME = PetTransport;
			};
			name = Debug;
		};
		9396CA3522474B3400F6248F /* Release */ = {
			isa = XCBuildConfiguration;
			buildSettings = {
				CODE_SIGN_STYLE = Automatic;
				INFOPLIST_FILE = PetTransportUITests/Info.plist;
				LD_RUNPATH_SEARCH_PATHS = "$(inherited) @executable_path/Frameworks @loader_path/Frameworks";
				PRODUCT_BUNDLE_IDENTIFIER = com.petTransport.PetTransportUITests;
				PRODUCT_NAME = "$(TARGET_NAME)";
				TARGETED_DEVICE_FAMILY = "1,2";
				TEST_TARGET_NAME = PetTransport;
			};
			name = Release;
		};
/* End XCBuildConfiguration section */

/* Begin XCConfigurationList section */
		9396C9FC22474B3400F6248F /* Build configuration list for PBXProject "PetTransport" */ = {
			isa = XCConfigurationList;
			buildConfigurations = (
				9396CA2B22474B3400F6248F /* Debug */,
				9396CA2C22474B3400F6248F /* Release */,
			);
			defaultConfigurationIsVisible = 0;
			defaultConfigurationName = Release;
		};
		9396CA2D22474B3400F6248F /* Build configuration list for PBXNativeTarget "PetTransport" */ = {
			isa = XCConfigurationList;
			buildConfigurations = (
				9396CA2E22474B3400F6248F /* Debug */,
				9396CA2F22474B3400F6248F /* Release */,
			);
			defaultConfigurationIsVisible = 0;
			defaultConfigurationName = Release;
		};
		9396CA3022474B3400F6248F /* Build configuration list for PBXNativeTarget "PetTransportTests" */ = {
			isa = XCConfigurationList;
			buildConfigurations = (
				9396CA3122474B3400F6248F /* Debug */,
				9396CA3222474B3400F6248F /* Release */,
			);
			defaultConfigurationIsVisible = 0;
			defaultConfigurationName = Release;
		};
		9396CA3322474B3400F6248F /* Build configuration list for PBXNativeTarget "PetTransportUITests" */ = {
			isa = XCConfigurationList;
			buildConfigurations = (
				9396CA3422474B3400F6248F /* Debug */,
				9396CA3522474B3400F6248F /* Release */,
			);
			defaultConfigurationIsVisible = 0;
			defaultConfigurationName = Release;
		};
/* End XCConfigurationList section */
	};
	rootObject = 9396C9F922474B3400F6248F /* Project object */;
}
