// !$*UTF8*$!
{
	archiveVersion = 1;
	classes = {
	};
	objectVersion = 48;
	objects = {

/* Begin PBXBuildFile section */
		1C90430875081E08DA5FCA1A /* libPods-PetTransport.a in Frameworks */ = {isa = PBXBuildFile; fileRef = 258276CCE7709C51AC9AF279 /* libPods-PetTransport.a */; };
		5816D4E22291CDC100237D00 /* RateService.m in Sources */ = {isa = PBXBuildFile; fileRef = 5816D4E12291CDC100237D00 /* RateService.m */; };
		5816D4E52291D1C500237D00 /* IdentityService.m in Sources */ = {isa = PBXBuildFile; fileRef = 5816D4E42291D1C500237D00 /* IdentityService.m */; };
		581D567E225AA46B00AE4BFE /* constants.m in Sources */ = {isa = PBXBuildFile; fileRef = 581D567D225AA46B00AE4BFE /* constants.m */; };
		58492B98225007E200496C82 /* BookTransportViewController.m in Sources */ = {isa = PBXBuildFile; fileRef = 58492B97225007E200496C82 /* BookTransportViewController.m */; };
		58492B9C2250133E00496C82 /* LocationManager.m in Sources */ = {isa = PBXBuildFile; fileRef = 58492B9B2250133E00496C82 /* LocationManager.m */; };
		586235AA226A60BE007D9A0A /* ClientMenuViewController.m in Sources */ = {isa = PBXBuildFile; fileRef = 586235A9226A60BE007D9A0A /* ClientMenuViewController.m */; };
		586235AE226A6892007D9A0A /* perro.png in Resources */ = {isa = PBXBuildFile; fileRef = 586235AD226A6892007D9A0A /* perro.png */; };
		586A6A86225141E8001E3FB2 /* TrackDriverViewController.m in Sources */ = {isa = PBXBuildFile; fileRef = 586A6A85225141E8001E3FB2 /* TrackDriverViewController.m */; };
		586D013422877D6E00F6FCAF /* UserNotifications.framework in Frameworks */ = {isa = PBXBuildFile; fileRef = 586D013322877D6E00F6FCAF /* UserNotifications.framework */; };
		5872B7B422515A730034F2F9 /* car-icon.png in Resources */ = {isa = PBXBuildFile; fileRef = 5872B7B322515A730034F2F9 /* car-icon.png */; };
		58754C0922625E5C00F12643 /* FbProfileManager.m in Sources */ = {isa = PBXBuildFile; fileRef = 58754C0822625E5C00F12643 /* FbProfileManager.m */; };
		58919C1E229B1DF1005C9778 /* radar.png in Resources */ = {isa = PBXBuildFile; fileRef = 58919C1D229B1DF0005C9778 /* radar.png */; };
		58919C21229B230B005C9778 /* DriverNotFoundViewController.m in Sources */ = {isa = PBXBuildFile; fileRef = 58919C20229B230B005C9778 /* DriverNotFoundViewController.m */; };
		589798D2227F73900047EC92 /* RateClientViewController.m in Sources */ = {isa = PBXBuildFile; fileRef = 589798D1227F73900047EC92 /* RateClientViewController.m */; };
		58B34D9D2275D72200277F5A /* ApiClient.m in Sources */ = {isa = PBXBuildFile; fileRef = 58B34D9C2275D72200277F5A /* ApiClient.m */; };
		58BE1D192263A8F50000C9D0 /* RegisterClientViewController.m in Sources */ = {isa = PBXBuildFile; fileRef = 58BE1D182263A8F50000C9D0 /* RegisterClientViewController.m */; };
		58BE1D1C2263AA960000C9D0 /* ClientProfile.m in Sources */ = {isa = PBXBuildFile; fileRef = 58BE1D1B2263AA960000C9D0 /* ClientProfile.m */; };
		58CB7CDC227E1BA90007F3DE /* ClientService.m in Sources */ = {isa = PBXBuildFile; fileRef = 58CB7CDB227E1BA90007F3DE /* ClientService.m */; };
		58D439582288BCA200EDC691 /* TripRequest.m in Sources */ = {isa = PBXBuildFile; fileRef = 58D439572288BCA200EDC691 /* TripRequest.m */; };
		58D439612288CC9A00EDC691 /* PTLocation.m in Sources */ = {isa = PBXBuildFile; fileRef = 58D439602288CC9A00EDC691 /* PTLocation.m */; };
		58E20BA12268D48800E024DF /* AuthService.m in Sources */ = {isa = PBXBuildFile; fileRef = 58E20BA02268D48800E024DF /* AuthService.m */; };
		58E20BA42268F70900E024DF /* ClientLoginViewController.m in Sources */ = {isa = PBXBuildFile; fileRef = 58E20BA32268F70900E024DF /* ClientLoginViewController.m */; };
		58E3C12722A08E42004024E2 /* SummaryViewController.m in Sources */ = {isa = PBXBuildFile; fileRef = 58E3C12622A08E42004024E2 /* SummaryViewController.m */; };
		58E3C12A22A0A306004024E2 /* DriverSummary.m in Sources */ = {isa = PBXBuildFile; fileRef = 58E3C12922A0A306004024E2 /* DriverSummary.m */; };
		58F022DE2253EFEA00318837 /* TrackDriverService.m in Sources */ = {isa = PBXBuildFile; fileRef = 58F022DD2253EFEA00318837 /* TrackDriverService.m */; };
		58F64EDB2274FD2000EAA7D8 /* DriverService.m in Sources */ = {isa = PBXBuildFile; fileRef = 58F64EDA2274FD2000EAA7D8 /* DriverService.m */; };
		931E30C7227F556800F5081F /* RateDriverService.m in Sources */ = {isa = PBXBuildFile; fileRef = 931E30C6227F556800F5081F /* RateDriverService.m */; };
		931E30CA227F71C500F5081F /* FinishTripService.m in Sources */ = {isa = PBXBuildFile; fileRef = 931E30C9227F71C500F5081F /* FinishTripService.m */; };
		931E30CD227F954800F5081F /* BaseViewController.m in Sources */ = {isa = PBXBuildFile; fileRef = 931E30CC227F954800F5081F /* BaseViewController.m */; };
		934C357E2263C53D0062122E /* TripInformationViewController.m in Sources */ = {isa = PBXBuildFile; fileRef = 934C357D2263C53D0062122E /* TripInformationViewController.m */; };
		937ABFB62253DAF000086554 /* Trip.m in Sources */ = {isa = PBXBuildFile; fileRef = 937ABFB52253DAF000086554 /* Trip.m */; };
		937ABFBA2253F8FF00086554 /* GMSMarker+Setup.m in Sources */ = {isa = PBXBuildFile; fileRef = 937ABFB92253F8FF00086554 /* GMSMarker+Setup.m */; };
		937ABFBD225400DB00086554 /* TripService.m in Sources */ = {isa = PBXBuildFile; fileRef = 937ABFBC225400DB00086554 /* TripService.m */; };
		9388CB87228A3ED900055B20 /* DriverRouteViewController.m in Sources */ = {isa = PBXBuildFile; fileRef = 9388CB86228A3ED900055B20 /* DriverRouteViewController.m */; };
		938B9A04227F36E5001EBBEC /* RateServiceViewController.m in Sources */ = {isa = PBXBuildFile; fileRef = 938B9A03227F36E5001EBBEC /* RateServiceViewController.m */; };
		938B9A09227F436C001EBBEC /* RateModel.m in Sources */ = {isa = PBXBuildFile; fileRef = 938B9A08227F436C001EBBEC /* RateModel.m */; };
		9396CA0622474B3400F6248F /* AppDelegate.m in Sources */ = {isa = PBXBuildFile; fileRef = 9396CA0522474B3400F6248F /* AppDelegate.m */; };
		9396CA0922474B3400F6248F /* ViewController.m in Sources */ = {isa = PBXBuildFile; fileRef = 9396CA0822474B3400F6248F /* ViewController.m */; };
		9396CA0C22474B3400F6248F /* Main.storyboard in Resources */ = {isa = PBXBuildFile; fileRef = 9396CA0A22474B3400F6248F /* Main.storyboard */; };
		9396CA0E22474B3400F6248F /* Assets.xcassets in Resources */ = {isa = PBXBuildFile; fileRef = 9396CA0D22474B3400F6248F /* Assets.xcassets */; };
		9396CA1122474B3400F6248F /* LaunchScreen.storyboard in Resources */ = {isa = PBXBuildFile; fileRef = 9396CA0F22474B3400F6248F /* LaunchScreen.storyboard */; };
		9396CA1422474B3400F6248F /* main.m in Sources */ = {isa = PBXBuildFile; fileRef = 9396CA1322474B3400F6248F /* main.m */; };
		9396CA1E22474B3400F6248F /* PetTransportTests.m in Sources */ = {isa = PBXBuildFile; fileRef = 9396CA1D22474B3400F6248F /* PetTransportTests.m */; };
		9396CA2922474B3400F6248F /* PetTransportUITests.m in Sources */ = {isa = PBXBuildFile; fileRef = 9396CA2822474B3400F6248F /* PetTransportUITests.m */; };
		93A7F19622590B5900D076C0 /* UIViewController+ShowAlerts.m in Sources */ = {isa = PBXBuildFile; fileRef = 93A7F19522590B5900D076C0 /* UIViewController+ShowAlerts.m */; };
		93D0BEC1226A2AD700FEF7C9 /* PaymentMethod.m in Sources */ = {isa = PBXBuildFile; fileRef = 93D0BEC0226A2AD700FEF7C9 /* PaymentMethod.m */; };
		93D0BEC4226B76E800FEF7C9 /* DriverLoginViewController.m in Sources */ = {isa = PBXBuildFile; fileRef = 93D0BEC3226B76E800FEF7C9 /* DriverLoginViewController.m */; };
		93D0BEC7226B79C000FEF7C9 /* RegisterDriverViewController.m in Sources */ = {isa = PBXBuildFile; fileRef = 93D0BEC6226B79C000FEF7C9 /* RegisterDriverViewController.m */; };
		93D0BECA226B812F00FEF7C9 /* RegisterPhotoDriverViewController.m in Sources */ = {isa = PBXBuildFile; fileRef = 93D0BEC9226B812F00FEF7C9 /* RegisterPhotoDriverViewController.m */; };
		93D0BECD226BAC4300FEF7C9 /* DriverProfile.m in Sources */ = {isa = PBXBuildFile; fileRef = 93D0BECC226BAC4300FEF7C9 /* DriverProfile.m */; };
		93D0BED3226BB8A200FEF7C9 /* UIImage+Base64.m in Sources */ = {isa = PBXBuildFile; fileRef = 93D0BED2226BB8A200FEF7C9 /* UIImage+Base64.m */; };
		93D0BED6226CBBD100FEF7C9 /* DriverMenuViewController.m in Sources */ = {isa = PBXBuildFile; fileRef = 93D0BED5226CBBD100FEF7C9 /* DriverMenuViewController.m */; };
		93FB8A34229067900006FD16 /* WaitingTripConfirmationViewController.m in Sources */ = {isa = PBXBuildFile; fileRef = 93FB8A322290678F0006FD16 /* WaitingTripConfirmationViewController.m */; };
		93FB8A372290760C0006FD16 /* CoordinateAddapter.m in Sources */ = {isa = PBXBuildFile; fileRef = 93FB8A362290760C0006FD16 /* CoordinateAddapter.m */; };
		93FB8A3D22908A1B0006FD16 /* WayPoints.m in Sources */ = {isa = PBXBuildFile; fileRef = 93FB8A3C22908A1B0006FD16 /* WayPoints.m */; };
		93FB8A402291A4520006FD16 /* RequireTripViewController.m in Sources */ = {isa = PBXBuildFile; fileRef = 93FB8A3F2291A4520006FD16 /* RequireTripViewController.m */; };
/* End PBXBuildFile section */

/* Begin PBXContainerItemProxy section */
		9396CA1A22474B3400F6248F /* PBXContainerItemProxy */ = {
			isa = PBXContainerItemProxy;
			containerPortal = 9396C9F922474B3400F6248F /* Project object */;
			proxyType = 1;
			remoteGlobalIDString = 9396CA0022474B3400F6248F;
			remoteInfo = PetTransport;
		};
		9396CA2522474B3400F6248F /* PBXContainerItemProxy */ = {
			isa = PBXContainerItemProxy;
			containerPortal = 9396C9F922474B3400F6248F /* Project object */;
			proxyType = 1;
			remoteGlobalIDString = 9396CA0022474B3400F6248F;
			remoteInfo = PetTransport;
		};
/* End PBXContainerItemProxy section */

/* Begin PBXFileReference section */
		258276CCE7709C51AC9AF279 /* libPods-PetTransport.a */ = {isa = PBXFileReference; explicitFileType = archive.ar; includeInIndex = 0; path = "libPods-PetTransport.a"; sourceTree = BUILT_PRODUCTS_DIR; };
		5816D4E02291CDC100237D00 /* RateService.h */ = {isa = PBXFileReference; lastKnownFileType = sourcecode.c.h; path = RateService.h; sourceTree = "<group>"; };
		5816D4E12291CDC100237D00 /* RateService.m */ = {isa = PBXFileReference; lastKnownFileType = sourcecode.c.objc; path = RateService.m; sourceTree = "<group>"; };
		5816D4E32291D1C500237D00 /* IdentityService.h */ = {isa = PBXFileReference; lastKnownFileType = sourcecode.c.h; path = IdentityService.h; sourceTree = "<group>"; };
		5816D4E42291D1C500237D00 /* IdentityService.m */ = {isa = PBXFileReference; lastKnownFileType = sourcecode.c.objc; path = IdentityService.m; sourceTree = "<group>"; };
		581D567C225AA37D00AE4BFE /* constants.h */ = {isa = PBXFileReference; lastKnownFileType = sourcecode.c.h; path = constants.h; sourceTree = "<group>"; };
		581D567D225AA46B00AE4BFE /* constants.m */ = {isa = PBXFileReference; lastKnownFileType = sourcecode.c.objc; path = constants.m; sourceTree = "<group>"; };
		58492B96225007E200496C82 /* BookTransportViewController.h */ = {isa = PBXFileReference; lastKnownFileType = sourcecode.c.h; path = BookTransportViewController.h; sourceTree = "<group>"; };
		58492B97225007E200496C82 /* BookTransportViewController.m */ = {isa = PBXFileReference; lastKnownFileType = sourcecode.c.objc; path = BookTransportViewController.m; sourceTree = "<group>"; };
		58492B9A2250133E00496C82 /* LocationManager.h */ = {isa = PBXFileReference; lastKnownFileType = sourcecode.c.h; path = LocationManager.h; sourceTree = "<group>"; };
		58492B9B2250133E00496C82 /* LocationManager.m */ = {isa = PBXFileReference; lastKnownFileType = sourcecode.c.objc; path = LocationManager.m; sourceTree = "<group>"; };
		586235A8226A60BE007D9A0A /* ClientMenuViewController.h */ = {isa = PBXFileReference; lastKnownFileType = sourcecode.c.h; path = ClientMenuViewController.h; sourceTree = "<group>"; };
		586235A9226A60BE007D9A0A /* ClientMenuViewController.m */ = {isa = PBXFileReference; lastKnownFileType = sourcecode.c.objc; path = ClientMenuViewController.m; sourceTree = "<group>"; };
		586235AD226A6892007D9A0A /* perro.png */ = {isa = PBXFileReference; lastKnownFileType = image.png; path = perro.png; sourceTree = "<group>"; };
		586A6A84225141E8001E3FB2 /* TrackDriverViewController.h */ = {isa = PBXFileReference; lastKnownFileType = sourcecode.c.h; path = TrackDriverViewController.h; sourceTree = "<group>"; };
		586A6A85225141E8001E3FB2 /* TrackDriverViewController.m */ = {isa = PBXFileReference; lastKnownFileType = sourcecode.c.objc; path = TrackDriverViewController.m; sourceTree = "<group>"; };
		586D013322877D6E00F6FCAF /* UserNotifications.framework */ = {isa = PBXFileReference; lastKnownFileType = wrapper.framework; name = UserNotifications.framework; path = System/Library/Frameworks/UserNotifications.framework; sourceTree = SDKROOT; };
		5872B7B322515A730034F2F9 /* car-icon.png */ = {isa = PBXFileReference; lastKnownFileType = image.png; path = "car-icon.png"; sourceTree = "<group>"; };
		58754C0722625E5C00F12643 /* FbProfileManager.h */ = {isa = PBXFileReference; lastKnownFileType = sourcecode.c.h; path = FbProfileManager.h; sourceTree = "<group>"; };
		58754C0822625E5C00F12643 /* FbProfileManager.m */ = {isa = PBXFileReference; lastKnownFileType = sourcecode.c.objc; path = FbProfileManager.m; sourceTree = "<group>"; };
		58919C1D229B1DF0005C9778 /* radar.png */ = {isa = PBXFileReference; lastKnownFileType = image.png; path = radar.png; sourceTree = "<group>"; };
		58919C1F229B230B005C9778 /* DriverNotFoundViewController.h */ = {isa = PBXFileReference; lastKnownFileType = sourcecode.c.h; path = DriverNotFoundViewController.h; sourceTree = "<group>"; };
		58919C20229B230B005C9778 /* DriverNotFoundViewController.m */ = {isa = PBXFileReference; lastKnownFileType = sourcecode.c.objc; path = DriverNotFoundViewController.m; sourceTree = "<group>"; };
		589798D0227F73900047EC92 /* RateClientViewController.h */ = {isa = PBXFileReference; lastKnownFileType = sourcecode.c.h; path = RateClientViewController.h; sourceTree = "<group>"; };
		589798D1227F73900047EC92 /* RateClientViewController.m */ = {isa = PBXFileReference; lastKnownFileType = sourcecode.c.objc; path = RateClientViewController.m; sourceTree = "<group>"; };
		58B34D9B2275D72200277F5A /* ApiClient.h */ = {isa = PBXFileReference; lastKnownFileType = sourcecode.c.h; path = ApiClient.h; sourceTree = "<group>"; };
		58B34D9C2275D72200277F5A /* ApiClient.m */ = {isa = PBXFileReference; lastKnownFileType = sourcecode.c.objc; path = ApiClient.m; sourceTree = "<group>"; };
		58BE1D172263A8F50000C9D0 /* RegisterClientViewController.h */ = {isa = PBXFileReference; lastKnownFileType = sourcecode.c.h; path = RegisterClientViewController.h; sourceTree = "<group>"; };
		58BE1D182263A8F50000C9D0 /* RegisterClientViewController.m */ = {isa = PBXFileReference; lastKnownFileType = sourcecode.c.objc; path = RegisterClientViewController.m; sourceTree = "<group>"; };
		58BE1D1A2263AA960000C9D0 /* ClientProfile.h */ = {isa = PBXFileReference; lastKnownFileType = sourcecode.c.h; path = ClientProfile.h; sourceTree = "<group>"; };
		58BE1D1B2263AA960000C9D0 /* ClientProfile.m */ = {isa = PBXFileReference; lastKnownFileType = sourcecode.c.objc; path = ClientProfile.m; sourceTree = "<group>"; };
		58CB7CDA227E1BA90007F3DE /* ClientService.h */ = {isa = PBXFileReference; lastKnownFileType = sourcecode.c.h; path = ClientService.h; sourceTree = "<group>"; };
		58CB7CDB227E1BA90007F3DE /* ClientService.m */ = {isa = PBXFileReference; lastKnownFileType = sourcecode.c.objc; path = ClientService.m; sourceTree = "<group>"; };
		58D439562288BCA200EDC691 /* TripRequest.h */ = {isa = PBXFileReference; lastKnownFileType = sourcecode.c.h; path = TripRequest.h; sourceTree = "<group>"; };
		58D439572288BCA200EDC691 /* TripRequest.m */ = {isa = PBXFileReference; lastKnownFileType = sourcecode.c.objc; path = TripRequest.m; sourceTree = "<group>"; };
		58D4395F2288CC9A00EDC691 /* PTLocation.h */ = {isa = PBXFileReference; lastKnownFileType = sourcecode.c.h; path = PTLocation.h; sourceTree = "<group>"; };
		58D439602288CC9A00EDC691 /* PTLocation.m */ = {isa = PBXFileReference; lastKnownFileType = sourcecode.c.objc; path = PTLocation.m; sourceTree = "<group>"; };
		58E20B9F2268D48800E024DF /* AuthService.h */ = {isa = PBXFileReference; lastKnownFileType = sourcecode.c.h; path = AuthService.h; sourceTree = "<group>"; };
		58E20BA02268D48800E024DF /* AuthService.m */ = {isa = PBXFileReference; lastKnownFileType = sourcecode.c.objc; path = AuthService.m; sourceTree = "<group>"; };
		58E20BA22268F70900E024DF /* ClientLoginViewController.h */ = {isa = PBXFileReference; lastKnownFileType = sourcecode.c.h; path = ClientLoginViewController.h; sourceTree = "<group>"; };
		58E20BA32268F70900E024DF /* ClientLoginViewController.m */ = {isa = PBXFileReference; lastKnownFileType = sourcecode.c.objc; path = ClientLoginViewController.m; sourceTree = "<group>"; };
		58E3C12522A08E42004024E2 /* SummaryViewController.h */ = {isa = PBXFileReference; lastKnownFileType = sourcecode.c.h; path = SummaryViewController.h; sourceTree = "<group>"; };
		58E3C12622A08E42004024E2 /* SummaryViewController.m */ = {isa = PBXFileReference; lastKnownFileType = sourcecode.c.objc; path = SummaryViewController.m; sourceTree = "<group>"; };
		58E3C12822A0A306004024E2 /* DriverSummary.h */ = {isa = PBXFileReference; lastKnownFileType = sourcecode.c.h; path = DriverSummary.h; sourceTree = "<group>"; };
		58E3C12922A0A306004024E2 /* DriverSummary.m */ = {isa = PBXFileReference; lastKnownFileType = sourcecode.c.objc; path = DriverSummary.m; sourceTree = "<group>"; };
		58F022DC2253EFEA00318837 /* TrackDriverService.h */ = {isa = PBXFileReference; lastKnownFileType = sourcecode.c.h; path = TrackDriverService.h; sourceTree = "<group>"; };
		58F022DD2253EFEA00318837 /* TrackDriverService.m */ = {isa = PBXFileReference; lastKnownFileType = sourcecode.c.objc; path = TrackDriverService.m; sourceTree = "<group>"; };
		58F022E02253F18C00318837 /* LocationCoordinate.h */ = {isa = PBXFileReference; lastKnownFileType = sourcecode.c.h; path = LocationCoordinate.h; sourceTree = "<group>"; };
		58F64ED92274FD2000EAA7D8 /* DriverService.h */ = {isa = PBXFileReference; lastKnownFileType = sourcecode.c.h; path = DriverService.h; sourceTree = "<group>"; };
		58F64EDA2274FD2000EAA7D8 /* DriverService.m */ = {isa = PBXFileReference; lastKnownFileType = sourcecode.c.objc; path = DriverService.m; sourceTree = "<group>"; };
		931E30C5227F556800F5081F /* RateDriverService.h */ = {isa = PBXFileReference; lastKnownFileType = sourcecode.c.h; path = RateDriverService.h; sourceTree = "<group>"; };
		931E30C6227F556800F5081F /* RateDriverService.m */ = {isa = PBXFileReference; lastKnownFileType = sourcecode.c.objc; path = RateDriverService.m; sourceTree = "<group>"; };
		931E30C8227F71C500F5081F /* FinishTripService.h */ = {isa = PBXFileReference; lastKnownFileType = sourcecode.c.h; path = FinishTripService.h; sourceTree = "<group>"; };
		931E30C9227F71C500F5081F /* FinishTripService.m */ = {isa = PBXFileReference; lastKnownFileType = sourcecode.c.objc; path = FinishTripService.m; sourceTree = "<group>"; };
		931E30CB227F954800F5081F /* BaseViewController.h */ = {isa = PBXFileReference; lastKnownFileType = sourcecode.c.h; path = BaseViewController.h; sourceTree = "<group>"; };
		931E30CC227F954800F5081F /* BaseViewController.m */ = {isa = PBXFileReference; lastKnownFileType = sourcecode.c.objc; path = BaseViewController.m; sourceTree = "<group>"; };
		934C357C2263C53D0062122E /* TripInformationViewController.h */ = {isa = PBXFileReference; lastKnownFileType = sourcecode.c.h; path = TripInformationViewController.h; sourceTree = "<group>"; };
		934C357D2263C53D0062122E /* TripInformationViewController.m */ = {isa = PBXFileReference; lastKnownFileType = sourcecode.c.objc; path = TripInformationViewController.m; sourceTree = "<group>"; };
		937ABFB42253DAF000086554 /* Trip.h */ = {isa = PBXFileReference; lastKnownFileType = sourcecode.c.h; path = Trip.h; sourceTree = "<group>"; };
		937ABFB52253DAF000086554 /* Trip.m */ = {isa = PBXFileReference; lastKnownFileType = sourcecode.c.objc; path = Trip.m; sourceTree = "<group>"; };
		937ABFB82253F8FF00086554 /* GMSMarker+Setup.h */ = {isa = PBXFileReference; lastKnownFileType = sourcecode.c.h; path = "GMSMarker+Setup.h"; sourceTree = "<group>"; };
		937ABFB92253F8FF00086554 /* GMSMarker+Setup.m */ = {isa = PBXFileReference; lastKnownFileType = sourcecode.c.objc; path = "GMSMarker+Setup.m"; sourceTree = "<group>"; };
		937ABFBB225400DB00086554 /* TripService.h */ = {isa = PBXFileReference; lastKnownFileType = sourcecode.c.h; path = TripService.h; sourceTree = "<group>"; };
		937ABFBC225400DB00086554 /* TripService.m */ = {isa = PBXFileReference; lastKnownFileType = sourcecode.c.objc; path = TripService.m; sourceTree = "<group>"; };
		937ABFBE225401AF00086554 /* TripServiceDelegate.h */ = {isa = PBXFileReference; lastKnownFileType = sourcecode.c.h; path = TripServiceDelegate.h; sourceTree = "<group>"; };
		9388CB85228A3ED900055B20 /* DriverRouteViewController.h */ = {isa = PBXFileReference; lastKnownFileType = sourcecode.c.h; path = DriverRouteViewController.h; sourceTree = "<group>"; };
		9388CB86228A3ED900055B20 /* DriverRouteViewController.m */ = {isa = PBXFileReference; lastKnownFileType = sourcecode.c.objc; path = DriverRouteViewController.m; sourceTree = "<group>"; };
		938B9A02227F36E5001EBBEC /* RateServiceViewController.h */ = {isa = PBXFileReference; lastKnownFileType = sourcecode.c.h; path = RateServiceViewController.h; sourceTree = "<group>"; };
		938B9A03227F36E5001EBBEC /* RateServiceViewController.m */ = {isa = PBXFileReference; lastKnownFileType = sourcecode.c.objc; path = RateServiceViewController.m; sourceTree = "<group>"; };
		938B9A07227F436C001EBBEC /* RateModel.h */ = {isa = PBXFileReference; lastKnownFileType = sourcecode.c.h; path = RateModel.h; sourceTree = "<group>"; };
		938B9A08227F436C001EBBEC /* RateModel.m */ = {isa = PBXFileReference; lastKnownFileType = sourcecode.c.objc; path = RateModel.m; sourceTree = "<group>"; };
		9396CA0122474B3400F6248F /* PetTransport.app */ = {isa = PBXFileReference; explicitFileType = wrapper.application; includeInIndex = 0; path = PetTransport.app; sourceTree = BUILT_PRODUCTS_DIR; };
		9396CA0422474B3400F6248F /* AppDelegate.h */ = {isa = PBXFileReference; lastKnownFileType = sourcecode.c.h; path = AppDelegate.h; sourceTree = "<group>"; };
		9396CA0522474B3400F6248F /* AppDelegate.m */ = {isa = PBXFileReference; lastKnownFileType = sourcecode.c.objc; path = AppDelegate.m; sourceTree = "<group>"; };
		9396CA0722474B3400F6248F /* ViewController.h */ = {isa = PBXFileReference; lastKnownFileType = sourcecode.c.h; path = ViewController.h; sourceTree = "<group>"; };
		9396CA0822474B3400F6248F /* ViewController.m */ = {isa = PBXFileReference; lastKnownFileType = sourcecode.c.objc; path = ViewController.m; sourceTree = "<group>"; };
		9396CA0B22474B3400F6248F /* Base */ = {isa = PBXFileReference; lastKnownFileType = file.storyboard; name = Base; path = Base.lproj/Main.storyboard; sourceTree = "<group>"; };
		9396CA0D22474B3400F6248F /* Assets.xcassets */ = {isa = PBXFileReference; lastKnownFileType = folder.assetcatalog; path = Assets.xcassets; sourceTree = "<group>"; };
		9396CA1022474B3400F6248F /* Base */ = {isa = PBXFileReference; lastKnownFileType = file.storyboard; name = Base; path = Base.lproj/LaunchScreen.storyboard; sourceTree = "<group>"; };
		9396CA1222474B3400F6248F /* Info.plist */ = {isa = PBXFileReference; lastKnownFileType = text.plist.xml; path = Info.plist; sourceTree = "<group>"; };
		9396CA1322474B3400F6248F /* main.m */ = {isa = PBXFileReference; lastKnownFileType = sourcecode.c.objc; path = main.m; sourceTree = "<group>"; };
		9396CA1922474B3400F6248F /* PetTransportTests.xctest */ = {isa = PBXFileReference; explicitFileType = wrapper.cfbundle; includeInIndex = 0; path = PetTransportTests.xctest; sourceTree = BUILT_PRODUCTS_DIR; };
		9396CA1D22474B3400F6248F /* PetTransportTests.m */ = {isa = PBXFileReference; lastKnownFileType = sourcecode.c.objc; path = PetTransportTests.m; sourceTree = "<group>"; };
		9396CA1F22474B3400F6248F /* Info.plist */ = {isa = PBXFileReference; lastKnownFileType = text.plist.xml; path = Info.plist; sourceTree = "<group>"; };
		9396CA2422474B3400F6248F /* PetTransportUITests.xctest */ = {isa = PBXFileReference; explicitFileType = wrapper.cfbundle; includeInIndex = 0; path = PetTransportUITests.xctest; sourceTree = BUILT_PRODUCTS_DIR; };
		9396CA2822474B3400F6248F /* PetTransportUITests.m */ = {isa = PBXFileReference; lastKnownFileType = sourcecode.c.objc; path = PetTransportUITests.m; sourceTree = "<group>"; };
		9396CA2A22474B3400F6248F /* Info.plist */ = {isa = PBXFileReference; lastKnownFileType = text.plist.xml; path = Info.plist; sourceTree = "<group>"; };
		93A7F19422590B5900D076C0 /* UIViewController+ShowAlerts.h */ = {isa = PBXFileReference; lastKnownFileType = sourcecode.c.h; path = "UIViewController+ShowAlerts.h"; sourceTree = "<group>"; };
		93A7F19522590B5900D076C0 /* UIViewController+ShowAlerts.m */ = {isa = PBXFileReference; lastKnownFileType = sourcecode.c.objc; path = "UIViewController+ShowAlerts.m"; sourceTree = "<group>"; };
		93D0BEBF226A2AD700FEF7C9 /* PaymentMethod.h */ = {isa = PBXFileReference; lastKnownFileType = sourcecode.c.h; path = PaymentMethod.h; sourceTree = "<group>"; };
		93D0BEC0226A2AD700FEF7C9 /* PaymentMethod.m */ = {isa = PBXFileReference; lastKnownFileType = sourcecode.c.objc; path = PaymentMethod.m; sourceTree = "<group>"; };
		93D0BEC2226B76E800FEF7C9 /* DriverLoginViewController.h */ = {isa = PBXFileReference; lastKnownFileType = sourcecode.c.h; path = DriverLoginViewController.h; sourceTree = "<group>"; };
		93D0BEC3226B76E800FEF7C9 /* DriverLoginViewController.m */ = {isa = PBXFileReference; lastKnownFileType = sourcecode.c.objc; path = DriverLoginViewController.m; sourceTree = "<group>"; };
		93D0BEC5226B79C000FEF7C9 /* RegisterDriverViewController.h */ = {isa = PBXFileReference; lastKnownFileType = sourcecode.c.h; path = RegisterDriverViewController.h; sourceTree = "<group>"; };
		93D0BEC6226B79C000FEF7C9 /* RegisterDriverViewController.m */ = {isa = PBXFileReference; lastKnownFileType = sourcecode.c.objc; path = RegisterDriverViewController.m; sourceTree = "<group>"; };
		93D0BEC8226B812F00FEF7C9 /* RegisterPhotoDriverViewController.h */ = {isa = PBXFileReference; lastKnownFileType = sourcecode.c.h; path = RegisterPhotoDriverViewController.h; sourceTree = "<group>"; };
		93D0BEC9226B812F00FEF7C9 /* RegisterPhotoDriverViewController.m */ = {isa = PBXFileReference; lastKnownFileType = sourcecode.c.objc; path = RegisterPhotoDriverViewController.m; sourceTree = "<group>"; };
		93D0BECB226BAC4300FEF7C9 /* DriverProfile.h */ = {isa = PBXFileReference; lastKnownFileType = sourcecode.c.h; path = DriverProfile.h; sourceTree = "<group>"; };
		93D0BECC226BAC4300FEF7C9 /* DriverProfile.m */ = {isa = PBXFileReference; lastKnownFileType = sourcecode.c.objc; path = DriverProfile.m; sourceTree = "<group>"; };
		93D0BED1226BB8A200FEF7C9 /* UIImage+Base64.h */ = {isa = PBXFileReference; lastKnownFileType = sourcecode.c.h; path = "UIImage+Base64.h"; sourceTree = "<group>"; };
		93D0BED2226BB8A200FEF7C9 /* UIImage+Base64.m */ = {isa = PBXFileReference; lastKnownFileType = sourcecode.c.objc; path = "UIImage+Base64.m"; sourceTree = "<group>"; };
		93D0BED4226CBBD100FEF7C9 /* DriverMenuViewController.h */ = {isa = PBXFileReference; lastKnownFileType = sourcecode.c.h; path = DriverMenuViewController.h; sourceTree = "<group>"; };
		93D0BED5226CBBD100FEF7C9 /* DriverMenuViewController.m */ = {isa = PBXFileReference; lastKnownFileType = sourcecode.c.objc; path = DriverMenuViewController.m; sourceTree = "<group>"; };
		93FB8A322290678F0006FD16 /* WaitingTripConfirmationViewController.m */ = {isa = PBXFileReference; fileEncoding = 4; lastKnownFileType = sourcecode.c.objc; path = WaitingTripConfirmationViewController.m; sourceTree = "<group>"; };
		93FB8A33229067900006FD16 /* WaitingTripConfirmationViewController.h */ = {isa = PBXFileReference; fileEncoding = 4; lastKnownFileType = sourcecode.c.h; path = WaitingTripConfirmationViewController.h; sourceTree = "<group>"; };
		93FB8A352290760C0006FD16 /* CoordinateAddapter.h */ = {isa = PBXFileReference; lastKnownFileType = sourcecode.c.h; path = CoordinateAddapter.h; sourceTree = "<group>"; };
		93FB8A362290760C0006FD16 /* CoordinateAddapter.m */ = {isa = PBXFileReference; lastKnownFileType = sourcecode.c.objc; path = CoordinateAddapter.m; sourceTree = "<group>"; };
		93FB8A3B22908A1B0006FD16 /* WayPoints.h */ = {isa = PBXFileReference; lastKnownFileType = sourcecode.c.h; path = WayPoints.h; sourceTree = "<group>"; };
		93FB8A3C22908A1B0006FD16 /* WayPoints.m */ = {isa = PBXFileReference; lastKnownFileType = sourcecode.c.objc; path = WayPoints.m; sourceTree = "<group>"; };
		93FB8A3E2291A4520006FD16 /* RequireTripViewController.h */ = {isa = PBXFileReference; lastKnownFileType = sourcecode.c.h; path = RequireTripViewController.h; sourceTree = "<group>"; };
		93FB8A3F2291A4520006FD16 /* RequireTripViewController.m */ = {isa = PBXFileReference; lastKnownFileType = sourcecode.c.objc; path = RequireTripViewController.m; sourceTree = "<group>"; };
		AB2B90C4CB40EBE69435845F /* Pods-PetTransport.release.xcconfig */ = {isa = PBXFileReference; includeInIndex = 1; lastKnownFileType = text.xcconfig; name = "Pods-PetTransport.release.xcconfig"; path = "Target Support Files/Pods-PetTransport/Pods-PetTransport.release.xcconfig"; sourceTree = "<group>"; };
		E86903565904018278ACDC05 /* Pods-PetTransport.debug.xcconfig */ = {isa = PBXFileReference; includeInIndex = 1; lastKnownFileType = text.xcconfig; name = "Pods-PetTransport.debug.xcconfig"; path = "Target Support Files/Pods-PetTransport/Pods-PetTransport.debug.xcconfig"; sourceTree = "<group>"; };
/* End PBXFileReference section */

/* Begin PBXFrameworksBuildPhase section */
		9396C9FE22474B3400F6248F /* Frameworks */ = {
			isa = PBXFrameworksBuildPhase;
			buildActionMask = 2147483647;
			files = (
				586D013422877D6E00F6FCAF /* UserNotifications.framework in Frameworks */,
				1C90430875081E08DA5FCA1A /* libPods-PetTransport.a in Frameworks */,
			);
			runOnlyForDeploymentPostprocessing = 0;
		};
		9396CA1622474B3400F6248F /* Frameworks */ = {
			isa = PBXFrameworksBuildPhase;
			buildActionMask = 2147483647;
			files = (
			);
			runOnlyForDeploymentPostprocessing = 0;
		};
		9396CA2122474B3400F6248F /* Frameworks */ = {
			isa = PBXFrameworksBuildPhase;
			buildActionMask = 2147483647;
			files = (
			);
			runOnlyForDeploymentPostprocessing = 0;
		};
/* End PBXFrameworksBuildPhase section */

/* Begin PBXGroup section */
		01A3DE9A6A50B4B5793C3294 /* Frameworks */ = {
			isa = PBXGroup;
			children = (
				586D013322877D6E00F6FCAF /* UserNotifications.framework */,
				258276CCE7709C51AC9AF279 /* libPods-PetTransport.a */,
			);
			name = Frameworks;
			sourceTree = "<group>";
		};
		58492B95225007D000496C82 /* Controllers */ = {
			isa = PBXGroup;
			children = (
				58D4395B2288BEA000EDC691 /* Auth */,
				58D4395A2288BE6100EDC691 /* Client */,
				58D439522288944A00EDC691 /* Driver */,
				931E30CB227F954800F5081F /* BaseViewController.h */,
				931E30CC227F954800F5081F /* BaseViewController.m */,
				586235A8226A60BE007D9A0A /* ClientMenuViewController.h */,
				586235A9226A60BE007D9A0A /* ClientMenuViewController.m */,
				938B9A02227F36E5001EBBEC /* RateServiceViewController.h */,
				938B9A03227F36E5001EBBEC /* RateServiceViewController.m */,
			);
			path = Controllers;
			sourceTree = "<group>";
		};
		58492B992250130700496C82 /* Services */ = {
			isa = PBXGroup;
			children = (
				58492B9A2250133E00496C82 /* LocationManager.h */,
				58492B9B2250133E00496C82 /* LocationManager.m */,
				58F022DC2253EFEA00318837 /* TrackDriverService.h */,
				58F022DD2253EFEA00318837 /* TrackDriverService.m */,
				58754C0722625E5C00F12643 /* FbProfileManager.h */,
				58754C0822625E5C00F12643 /* FbProfileManager.m */,
				58E20B9F2268D48800E024DF /* AuthService.h */,
				58E20BA02268D48800E024DF /* AuthService.m */,
				58F64ED92274FD2000EAA7D8 /* DriverService.h */,
				58F64EDA2274FD2000EAA7D8 /* DriverService.m */,
				58CB7CDA227E1BA90007F3DE /* ClientService.h */,
				58CB7CDB227E1BA90007F3DE /* ClientService.m */,
				931E30C5227F556800F5081F /* RateDriverService.h */,
				931E30C6227F556800F5081F /* RateDriverService.m */,
				5816D4E32291D1C500237D00 /* IdentityService.h */,
				5816D4E42291D1C500237D00 /* IdentityService.m */,
			);
			path = Services;
			sourceTree = "<group>";
		};
		5872B7B222515A590034F2F9 /* Images */ = {
			isa = PBXGroup;
			children = (
				586235AD226A6892007D9A0A /* perro.png */,
				5872B7B322515A730034F2F9 /* car-icon.png */,
				58919C1D229B1DF0005C9778 /* radar.png */,
			);
			path = Images;
			sourceTree = "<group>";
		};
		58B34D9A2275D70D00277F5A /* ApiCLient */ = {
			isa = PBXGroup;
			children = (
				58B34D9B2275D72200277F5A /* ApiClient.h */,
				58B34D9C2275D72200277F5A /* ApiClient.m */,
			);
			path = ApiCLient;
			sourceTree = "<group>";
		};
		58D439522288944A00EDC691 /* Driver */ = {
			isa = PBXGroup;
			children = (
				93D0BED4226CBBD100FEF7C9 /* DriverMenuViewController.h */,
				93D0BED5226CBBD100FEF7C9 /* DriverMenuViewController.m */,
				9388CB85228A3ED900055B20 /* DriverRouteViewController.h */,
				9388CB86228A3ED900055B20 /* DriverRouteViewController.m */,
				589798D0227F73900047EC92 /* RateClientViewController.h */,
				589798D1227F73900047EC92 /* RateClientViewController.m */,
				58E3C12522A08E42004024E2 /* SummaryViewController.h */,
				58E3C12622A08E42004024E2 /* SummaryViewController.m */,
			);
			path = Driver;
			sourceTree = "<group>";
		};
		58D4395A2288BE6100EDC691 /* Client */ = {
			isa = PBXGroup;
			children = (
				58492B96225007E200496C82 /* BookTransportViewController.h */,
				58492B97225007E200496C82 /* BookTransportViewController.m */,
				934C357C2263C53D0062122E /* TripInformationViewController.h */,
				934C357D2263C53D0062122E /* TripInformationViewController.m */,
				586A6A84225141E8001E3FB2 /* TrackDriverViewController.h */,
				586A6A85225141E8001E3FB2 /* TrackDriverViewController.m */,
				93FB8A33229067900006FD16 /* WaitingTripConfirmationViewController.h */,
				93FB8A322290678F0006FD16 /* WaitingTripConfirmationViewController.m */,
				93FB8A3E2291A4520006FD16 /* RequireTripViewController.h */,
				93FB8A3F2291A4520006FD16 /* RequireTripViewController.m */,
				58919C1F229B230B005C9778 /* DriverNotFoundViewController.h */,
				58919C20229B230B005C9778 /* DriverNotFoundViewController.m */,
			);
			path = Client;
			sourceTree = "<group>";
		};
		58D4395B2288BEA000EDC691 /* Auth */ = {
			isa = PBXGroup;
			children = (
				58E20BA22268F70900E024DF /* ClientLoginViewController.h */,
				58E20BA32268F70900E024DF /* ClientLoginViewController.m */,
				93D0BEC2226B76E800FEF7C9 /* DriverLoginViewController.h */,
				93D0BEC3226B76E800FEF7C9 /* DriverLoginViewController.m */,
				58BE1D172263A8F50000C9D0 /* RegisterClientViewController.h */,
				58BE1D182263A8F50000C9D0 /* RegisterClientViewController.m */,
				93D0BEC5226B79C000FEF7C9 /* RegisterDriverViewController.h */,
				93D0BEC6226B79C000FEF7C9 /* RegisterDriverViewController.m */,
				93D0BEC8226B812F00FEF7C9 /* RegisterPhotoDriverViewController.h */,
				93D0BEC9226B812F00FEF7C9 /* RegisterPhotoDriverViewController.m */,
			);
			path = Auth;
			sourceTree = "<group>";
		};
		58F022DF2253F16D00318837 /* Entities */ = {
			isa = PBXGroup;
			children = (
				58F022E02253F18C00318837 /* LocationCoordinate.h */,
				93FB8A352290760C0006FD16 /* CoordinateAddapter.h */,
				93FB8A362290760C0006FD16 /* CoordinateAddapter.m */,
				58BE1D1A2263AA960000C9D0 /* ClientProfile.h */,
				58BE1D1B2263AA960000C9D0 /* ClientProfile.m */,
				93D0BECB226BAC4300FEF7C9 /* DriverProfile.h */,
				93D0BECC226BAC4300FEF7C9 /* DriverProfile.m */,
				58D4395F2288CC9A00EDC691 /* PTLocation.h */,
				58D439602288CC9A00EDC691 /* PTLocation.m */,
				58E3C12822A0A306004024E2 /* DriverSummary.h */,
				58E3C12922A0A306004024E2 /* DriverSummary.m */,
			);
			path = Entities;
			sourceTree = "<group>";
		};
		8A3A9CA82EFEB680C5D65444 /* Pods */ = {
			isa = PBXGroup;
			children = (
				E86903565904018278ACDC05 /* Pods-PetTransport.debug.xcconfig */,
				AB2B90C4CB40EBE69435845F /* Pods-PetTransport.release.xcconfig */,
			);
			path = Pods;
			sourceTree = "<group>";
		};
		937ABFB32253DACD00086554 /* Trip */ = {
			isa = PBXGroup;
			children = (
				937ABFB42253DAF000086554 /* Trip.h */,
				937ABFB52253DAF000086554 /* Trip.m */,
				93FB8A3B22908A1B0006FD16 /* WayPoints.h */,
				93FB8A3C22908A1B0006FD16 /* WayPoints.m */,
				93D0BEBF226A2AD700FEF7C9 /* PaymentMethod.h */,
				93D0BEC0226A2AD700FEF7C9 /* PaymentMethod.m */,
				937ABFBE225401AF00086554 /* TripServiceDelegate.h */,
				937ABFBB225400DB00086554 /* TripService.h */,
				937ABFBC225400DB00086554 /* TripService.m */,
				931E30C8227F71C500F5081F /* FinishTripService.h */,
				931E30C9227F71C500F5081F /* FinishTripService.m */,
				58D439562288BCA200EDC691 /* TripRequest.h */,
				58D439572288BCA200EDC691 /* TripRequest.m */,
			);
			path = Trip;
			sourceTree = "<group>";
		};
		937ABFB72253F8D500086554 /* Categories */ = {
			isa = PBXGroup;
			children = (
				937ABFB82253F8FF00086554 /* GMSMarker+Setup.h */,
				937ABFB92253F8FF00086554 /* GMSMarker+Setup.m */,
				93A7F19422590B5900D076C0 /* UIViewController+ShowAlerts.h */,
				93A7F19522590B5900D076C0 /* UIViewController+ShowAlerts.m */,
				93D0BED1226BB8A200FEF7C9 /* UIImage+Base64.h */,
				93D0BED2226BB8A200FEF7C9 /* UIImage+Base64.m */,
			);
			path = Categories;
			sourceTree = "<group>";
		};
		938B9A06227F434A001EBBEC /* RateService */ = {
			isa = PBXGroup;
			children = (
				938B9A07227F436C001EBBEC /* RateModel.h */,
				938B9A08227F436C001EBBEC /* RateModel.m */,
				5816D4E02291CDC100237D00 /* RateService.h */,
				5816D4E12291CDC100237D00 /* RateService.m */,
			);
			path = RateService;
			sourceTree = "<group>";
		};
		9396C9F822474B3400F6248F = {
			isa = PBXGroup;
			children = (
				9396CA0322474B3400F6248F /* PetTransport */,
				9396CA1C22474B3400F6248F /* PetTransportTests */,
				9396CA2722474B3400F6248F /* PetTransportUITests */,
				9396CA0222474B3400F6248F /* Products */,
				8A3A9CA82EFEB680C5D65444 /* Pods */,
				01A3DE9A6A50B4B5793C3294 /* Frameworks */,
			);
			sourceTree = "<group>";
		};
		9396CA0222474B3400F6248F /* Products */ = {
			isa = PBXGroup;
			children = (
				9396CA0122474B3400F6248F /* PetTransport.app */,
				9396CA1922474B3400F6248F /* PetTransportTests.xctest */,
				9396CA2422474B3400F6248F /* PetTransportUITests.xctest */,
			);
			name = Products;
			sourceTree = "<group>";
		};
		9396CA0322474B3400F6248F /* PetTransport */ = {
			isa = PBXGroup;
			children = (
				938B9A06227F434A001EBBEC /* RateService */,
				58B34D9A2275D70D00277F5A /* ApiCLient */,
				937ABFB72253F8D500086554 /* Categories */,
				937ABFB32253DACD00086554 /* Trip */,
				58F022DF2253F16D00318837 /* Entities */,
				5872B7B222515A590034F2F9 /* Images */,
				58492B992250130700496C82 /* Services */,
				58492B95225007D000496C82 /* Controllers */,
				9396CA0422474B3400F6248F /* AppDelegate.h */,
				9396CA0522474B3400F6248F /* AppDelegate.m */,
				9396CA0722474B3400F6248F /* ViewController.h */,
				9396CA0822474B3400F6248F /* ViewController.m */,
				9396CA0A22474B3400F6248F /* Main.storyboard */,
				9396CA0D22474B3400F6248F /* Assets.xcassets */,
				9396CA0F22474B3400F6248F /* LaunchScreen.storyboard */,
				9396CA1222474B3400F6248F /* Info.plist */,
				9396CA1322474B3400F6248F /* main.m */,
				581D567C225AA37D00AE4BFE /* constants.h */,
				581D567D225AA46B00AE4BFE /* constants.m */,
			);
			path = PetTransport;
			sourceTree = "<group>";
		};
		9396CA1C22474B3400F6248F /* PetTransportTests */ = {
			isa = PBXGroup;
			children = (
				9396CA1D22474B3400F6248F /* PetTransportTests.m */,
				9396CA1F22474B3400F6248F /* Info.plist */,
			);
			path = PetTransportTests;
			sourceTree = "<group>";
		};
		9396CA2722474B3400F6248F /* PetTransportUITests */ = {
			isa = PBXGroup;
			children = (
				9396CA2822474B3400F6248F /* PetTransportUITests.m */,
				9396CA2A22474B3400F6248F /* Info.plist */,
			);
			path = PetTransportUITests;
			sourceTree = "<group>";
		};
/* End PBXGroup section */

/* Begin PBXNativeTarget section */
		9396CA0022474B3400F6248F /* PetTransport */ = {
			isa = PBXNativeTarget;
			buildConfigurationList = 9396CA2D22474B3400F6248F /* Build configuration list for PBXNativeTarget "PetTransport" */;
			buildPhases = (
				2ECD2E06773D4732D99D7919 /* [CP] Check Pods Manifest.lock */,
				9396C9FD22474B3400F6248F /* Sources */,
				9396C9FE22474B3400F6248F /* Frameworks */,
				9396C9FF22474B3400F6248F /* Resources */,
				E0182C50E07B074074C8A9BA /* [CP] Copy Pods Resources */,
			);
			buildRules = (
			);
			dependencies = (
			);
			name = PetTransport;
			productName = PetTransport;
			productReference = 9396CA0122474B3400F6248F /* PetTransport.app */;
			productType = "com.apple.product-type.application";
		};
		9396CA1822474B3400F6248F /* PetTransportTests */ = {
			isa = PBXNativeTarget;
			buildConfigurationList = 9396CA3022474B3400F6248F /* Build configuration list for PBXNativeTarget "PetTransportTests" */;
			buildPhases = (
				9396CA1522474B3400F6248F /* Sources */,
				9396CA1622474B3400F6248F /* Frameworks */,
				9396CA1722474B3400F6248F /* Resources */,
			);
			buildRules = (
			);
			dependencies = (
				9396CA1B22474B3400F6248F /* PBXTargetDependency */,
			);
			name = PetTransportTests;
			productName = PetTransportTests;
			productReference = 9396CA1922474B3400F6248F /* PetTransportTests.xctest */;
			productType = "com.apple.product-type.bundle.unit-test";
		};
		9396CA2322474B3400F6248F /* PetTransportUITests */ = {
			isa = PBXNativeTarget;
			buildConfigurationList = 9396CA3322474B3400F6248F /* Build configuration list for PBXNativeTarget "PetTransportUITests" */;
			buildPhases = (
				9396CA2022474B3400F6248F /* Sources */,
				9396CA2122474B3400F6248F /* Frameworks */,
				9396CA2222474B3400F6248F /* Resources */,
			);
			buildRules = (
			);
			dependencies = (
				9396CA2622474B3400F6248F /* PBXTargetDependency */,
			);
			name = PetTransportUITests;
			productName = PetTransportUITests;
			productReference = 9396CA2422474B3400F6248F /* PetTransportUITests.xctest */;
			productType = "com.apple.product-type.bundle.ui-testing";
		};
/* End PBXNativeTarget section */

/* Begin PBXProject section */
		9396C9F922474B3400F6248F /* Project object */ = {
			isa = PBXProject;
			attributes = {
				LastUpgradeCheck = 0920;
				ORGANIZATIONNAME = "agustina markosich";
				TargetAttributes = {
					9396CA0022474B3400F6248F = {
						CreatedOnToolsVersion = 9.2;
						ProvisioningStyle = Automatic;
					};
					9396CA1822474B3400F6248F = {
						CreatedOnToolsVersion = 9.2;
						ProvisioningStyle = Automatic;
						TestTargetID = 9396CA0022474B3400F6248F;
					};
					9396CA2322474B3400F6248F = {
						CreatedOnToolsVersion = 9.2;
						ProvisioningStyle = Automatic;
						TestTargetID = 9396CA0022474B3400F6248F;
					};
				};
			};
			buildConfigurationList = 9396C9FC22474B3400F6248F /* Build configuration list for PBXProject "PetTransport" */;
			compatibilityVersion = "Xcode 8.0";
			developmentRegion = en;
			hasScannedForEncodings = 0;
			knownRegions = (
				en,
				Base,
			);
			mainGroup = 9396C9F822474B3400F6248F;
			productRefGroup = 9396CA0222474B3400F6248F /* Products */;
			projectDirPath = "";
			projectRoot = "";
			targets = (
				9396CA0022474B3400F6248F /* PetTransport */,
				9396CA1822474B3400F6248F /* PetTransportTests */,
				9396CA2322474B3400F6248F /* PetTransportUITests */,
			);
		};
/* End PBXProject section */

/* Begin PBXResourcesBuildPhase section */
		9396C9FF22474B3400F6248F /* Resources */ = {
			isa = PBXResourcesBuildPhase;
			buildActionMask = 2147483647;
			files = (
				9396CA1122474B3400F6248F /* LaunchScreen.storyboard in Resources */,
				9396CA0E22474B3400F6248F /* Assets.xcassets in Resources */,
				586235AE226A6892007D9A0A /* perro.png in Resources */,
				9396CA0C22474B3400F6248F /* Main.storyboard in Resources */,
				58919C1E229B1DF1005C9778 /* radar.png in Resources */,
				5872B7B422515A730034F2F9 /* car-icon.png in Resources */,
			);
			runOnlyForDeploymentPostprocessing = 0;
		};
		9396CA1722474B3400F6248F /* Resources */ = {
			isa = PBXResourcesBuildPhase;
			buildActionMask = 2147483647;
			files = (
			);
			runOnlyForDeploymentPostprocessing = 0;
		};
		9396CA2222474B3400F6248F /* Resources */ = {
			isa = PBXResourcesBuildPhase;
			buildActionMask = 2147483647;
			files = (
			);
			runOnlyForDeploymentPostprocessing = 0;
		};
/* End PBXResourcesBuildPhase section */

/* Begin PBXShellScriptBuildPhase section */
		2ECD2E06773D4732D99D7919 /* [CP] Check Pods Manifest.lock */ = {
			isa = PBXShellScriptBuildPhase;
			buildActionMask = 2147483647;
			files = (
			);
			inputPaths = (
				"${PODS_PODFILE_DIR_PATH}/Podfile.lock",
				"${PODS_ROOT}/Manifest.lock",
			);
			name = "[CP] Check Pods Manifest.lock";
			outputPaths = (
				"$(DERIVED_FILE_DIR)/Pods-PetTransport-checkManifestLockResult.txt",
			);
			runOnlyForDeploymentPostprocessing = 0;
			shellPath = /bin/sh;
			shellScript = "diff \"${PODS_PODFILE_DIR_PATH}/Podfile.lock\" \"${PODS_ROOT}/Manifest.lock\" > /dev/null\nif [ $? != 0 ] ; then\n    # print error to STDERR\n    echo \"error: The sandbox is not in sync with the Podfile.lock. Run 'pod install' or update your CocoaPods installation.\" >&2\n    exit 1\nfi\n# This output is used by Xcode 'outputs' to avoid re-running this script phase.\necho \"SUCCESS\" > \"${SCRIPT_OUTPUT_FILE_0}\"\n";
			showEnvVarsInLog = 0;
		};
		E0182C50E07B074074C8A9BA /* [CP] Copy Pods Resources */ = {
			isa = PBXShellScriptBuildPhase;
			buildActionMask = 2147483647;
			files = (
			);
			inputPaths = (
				"${PODS_ROOT}/Target Support Files/Pods-PetTransport/Pods-PetTransport-resources.sh",
				"${PODS_ROOT}/FBSDKCoreKit/FacebookSDKStrings.bundle",
				"${PODS_ROOT}/GoogleMaps/Maps/Frameworks/GoogleMaps.framework/Resources/GoogleMaps.bundle",
				"${PODS_ROOT}/GooglePlaces/Frameworks/GooglePlaces.framework/Resources/GooglePlaces.bundle",
			);
			name = "[CP] Copy Pods Resources";
			outputPaths = (
				"${TARGET_BUILD_DIR}/${UNLOCALIZED_RESOURCES_FOLDER_PATH}/FacebookSDKStrings.bundle",
				"${TARGET_BUILD_DIR}/${UNLOCALIZED_RESOURCES_FOLDER_PATH}/GoogleMaps.bundle",
				"${TARGET_BUILD_DIR}/${UNLOCALIZED_RESOURCES_FOLDER_PATH}/GooglePlaces.bundle",
			);
			runOnlyForDeploymentPostprocessing = 0;
			shellPath = /bin/sh;
			shellScript = "\"${PODS_ROOT}/Target Support Files/Pods-PetTransport/Pods-PetTransport-resources.sh\"\n";
			showEnvVarsInLog = 0;
		};
/* End PBXShellScriptBuildPhase section */

/* Begin PBXSourcesBuildPhase section */
		9396C9FD22474B3400F6248F /* Sources */ = {
			isa = PBXSourcesBuildPhase;
			buildActionMask = 2147483647;
			files = (
				58CB7CDC227E1BA90007F3DE /* ClientService.m in Sources */,
				931E30CD227F954800F5081F /* BaseViewController.m in Sources */,
				586235AA226A60BE007D9A0A /* ClientMenuViewController.m in Sources */,
				937ABFBD225400DB00086554 /* TripService.m in Sources */,
				938B9A09227F436C001EBBEC /* RateModel.m in Sources */,
				9396CA0922474B3400F6248F /* ViewController.m in Sources */,
				58919C21229B230B005C9778 /* DriverNotFoundViewController.m in Sources */,
				93FB8A34229067900006FD16 /* WaitingTripConfirmationViewController.m in Sources */,
				5816D4E52291D1C500237D00 /* IdentityService.m in Sources */,
				93D0BED6226CBBD100FEF7C9 /* DriverMenuViewController.m in Sources */,
				589798D2227F73900047EC92 /* RateClientViewController.m in Sources */,
				58492B9C2250133E00496C82 /* LocationManager.m in Sources */,
				93D0BED3226BB8A200FEF7C9 /* UIImage+Base64.m in Sources */,
				581D567E225AA46B00AE4BFE /* constants.m in Sources */,
				937ABFB62253DAF000086554 /* Trip.m in Sources */,
				5816D4E22291CDC100237D00 /* RateService.m in Sources */,
				586A6A86225141E8001E3FB2 /* TrackDriverViewController.m in Sources */,
				58E3C12722A08E42004024E2 /* SummaryViewController.m in Sources */,
				58F022DE2253EFEA00318837 /* TrackDriverService.m in Sources */,
				93FB8A3D22908A1B0006FD16 /* WayPoints.m in Sources */,
				9396CA1422474B3400F6248F /* main.m in Sources */,
				93D0BEC1226A2AD700FEF7C9 /* PaymentMethod.m in Sources */,
				93FB8A402291A4520006FD16 /* RequireTripViewController.m in Sources */,
				58754C0922625E5C00F12643 /* FbProfileManager.m in Sources */,
				58B34D9D2275D72200277F5A /* ApiClient.m in Sources */,
				938B9A04227F36E5001EBBEC /* RateServiceViewController.m in Sources */,
				58BE1D1C2263AA960000C9D0 /* ClientProfile.m in Sources */,
				9396CA0622474B3400F6248F /* AppDelegate.m in Sources */,
				93D0BECA226B812F00FEF7C9 /* RegisterPhotoDriverViewController.m in Sources */,
				58492B98225007E200496C82 /* BookTransportViewController.m in Sources */,
				93D0BECD226BAC4300FEF7C9 /* DriverProfile.m in Sources */,
				58BE1D192263A8F50000C9D0 /* RegisterClientViewController.m in Sources */,
				58F64EDB2274FD2000EAA7D8 /* DriverService.m in Sources */,
				93D0BEC7226B79C000FEF7C9 /* RegisterDriverViewController.m in Sources */,
				937ABFBA2253F8FF00086554 /* GMSMarker+Setup.m in Sources */,
				93FB8A372290760C0006FD16 /* CoordinateAddapter.m in Sources */,
				931E30CA227F71C500F5081F /* FinishTripService.m in Sources */,
				9388CB87228A3ED900055B20 /* DriverRouteViewController.m in Sources */,
				58E20BA12268D48800E024DF /* AuthService.m in Sources */,
				93A7F19622590B5900D076C0 /* UIViewController+ShowAlerts.m in Sources */,
				93D0BEC4226B76E800FEF7C9 /* DriverLoginViewController.m in Sources */,
				931E30C7227F556800F5081F /* RateDriverService.m in Sources */,
				58D439612288CC9A00EDC691 /* PTLocation.m in Sources */,
				58E3C12A22A0A306004024E2 /* DriverSummary.m in Sources */,
				58E20BA42268F70900E024DF /* ClientLoginViewController.m in Sources */,
				58D439582288BCA200EDC691 /* TripRequest.m in Sources */,
				934C357E2263C53D0062122E /* TripInformationViewController.m in Sources */,
			);
			runOnlyForDeploymentPostprocessing = 0;
		};
		9396CA1522474B3400F6248F /* Sources */ = {
			isa = PBXSourcesBuildPhase;
			buildActionMask = 2147483647;
			files = (
				9396CA1E22474B3400F6248F /* PetTransportTests.m in Sources */,
			);
			runOnlyForDeploymentPostprocessing = 0;
		};
		9396CA2022474B3400F6248F /* Sources */ = {
			isa = PBXSourcesBuildPhase;
			buildActionMask = 2147483647;
			files = (
				9396CA2922474B3400F6248F /* PetTransportUITests.m in Sources */,
			);
			runOnlyForDeploymentPostprocessing = 0;
		};
/* End PBXSourcesBuildPhase section */

/* Begin PBXTargetDependency section */
		9396CA1B22474B3400F6248F /* PBXTargetDependency */ = {
			isa = PBXTargetDependency;
			target = 9396CA0022474B3400F6248F /* PetTransport */;
			targetProxy = 9396CA1A22474B3400F6248F /* PBXContainerItemProxy */;
		};
		9396CA2622474B3400F6248F /* PBXTargetDependency */ = {
			isa = PBXTargetDependency;
			target = 9396CA0022474B3400F6248F /* PetTransport */;
			targetProxy = 9396CA2522474B3400F6248F /* PBXContainerItemProxy */;
		};
/* End PBXTargetDependency section */

/* Begin PBXVariantGroup section */
		9396CA0A22474B3400F6248F /* Main.storyboard */ = {
			isa = PBXVariantGroup;
			children = (
				9396CA0B22474B3400F6248F /* Base */,
			);
			name = Main.storyboard;
			sourceTree = "<group>";
		};
		9396CA0F22474B3400F6248F /* LaunchScreen.storyboard */ = {
			isa = PBXVariantGroup;
			children = (
				9396CA1022474B3400F6248F /* Base */,
			);
			name = LaunchScreen.storyboard;
			sourceTree = "<group>";
		};
/* End PBXVariantGroup section */

/* Begin XCBuildConfiguration section */
		9396CA2B22474B3400F6248F /* Debug */ = {
			isa = XCBuildConfiguration;
			buildSettings = {
				ALWAYS_SEARCH_USER_PATHS = NO;
				CLANG_ANALYZER_NONNULL = YES;
				CLANG_ANALYZER_NUMBER_OBJECT_CONVERSION = YES_AGGRESSIVE;
				CLANG_CXX_LANGUAGE_STANDARD = "gnu++14";
				CLANG_CXX_LIBRARY = "libc++";
				CLANG_ENABLE_MODULES = YES;
				CLANG_ENABLE_OBJC_ARC = YES;
				CLANG_WARN_BLOCK_CAPTURE_AUTORELEASING = YES;
				CLANG_WARN_BOOL_CONVERSION = YES;
				CLANG_WARN_COMMA = YES;
				CLANG_WARN_CONSTANT_CONVERSION = YES;
				CLANG_WARN_DIRECT_OBJC_ISA_USAGE = YES_ERROR;
				CLANG_WARN_DOCUMENTATION_COMMENTS = YES;
				CLANG_WARN_EMPTY_BODY = YES;
				CLANG_WARN_ENUM_CONVERSION = YES;
				CLANG_WARN_INFINITE_RECURSION = YES;
				CLANG_WARN_INT_CONVERSION = YES;
				CLANG_WARN_NON_LITERAL_NULL_CONVERSION = YES;
				CLANG_WARN_OBJC_LITERAL_CONVERSION = YES;
				CLANG_WARN_OBJC_ROOT_CLASS = YES_ERROR;
				CLANG_WARN_RANGE_LOOP_ANALYSIS = YES;
				CLANG_WARN_STRICT_PROTOTYPES = YES;
				CLANG_WARN_SUSPICIOUS_MOVE = YES;
				CLANG_WARN_UNGUARDED_AVAILABILITY = YES_AGGRESSIVE;
				CLANG_WARN_UNREACHABLE_CODE = YES;
				CLANG_WARN__DUPLICATE_METHOD_MATCH = YES;
				CODE_SIGN_IDENTITY = "iPhone Developer";
				COPY_PHASE_STRIP = NO;
				DEBUG_INFORMATION_FORMAT = dwarf;
				ENABLE_STRICT_OBJC_MSGSEND = YES;
				ENABLE_TESTABILITY = YES;
				GCC_C_LANGUAGE_STANDARD = gnu11;
				GCC_DYNAMIC_NO_PIC = NO;
				GCC_NO_COMMON_BLOCKS = YES;
				GCC_OPTIMIZATION_LEVEL = 0;
				GCC_PREPROCESSOR_DEFINITIONS = (
					"DEBUG=1",
					"$(inherited)",
				);
				GCC_WARN_64_TO_32_BIT_CONVERSION = YES;
				GCC_WARN_ABOUT_RETURN_TYPE = YES_ERROR;
				GCC_WARN_UNDECLARED_SELECTOR = YES;
				GCC_WARN_UNINITIALIZED_AUTOS = YES_AGGRESSIVE;
				GCC_WARN_UNUSED_FUNCTION = YES;
				GCC_WARN_UNUSED_VARIABLE = YES;
				IPHONEOS_DEPLOYMENT_TARGET = 11.2;
				MTL_ENABLE_DEBUG_INFO = YES;
				ONLY_ACTIVE_ARCH = YES;
				SDKROOT = iphoneos;
			};
			name = Debug;
		};
		9396CA2C22474B3400F6248F /* Release */ = {
			isa = XCBuildConfiguration;
			buildSettings = {
				ALWAYS_SEARCH_USER_PATHS = NO;
				CLANG_ANALYZER_NONNULL = YES;
				CLANG_ANALYZER_NUMBER_OBJECT_CONVERSION = YES_AGGRESSIVE;
				CLANG_CXX_LANGUAGE_STANDARD = "gnu++14";
				CLANG_CXX_LIBRARY = "libc++";
				CLANG_ENABLE_MODULES = YES;
				CLANG_ENABLE_OBJC_ARC = YES;
				CLANG_WARN_BLOCK_CAPTURE_AUTORELEASING = YES;
				CLANG_WARN_BOOL_CONVERSION = YES;
				CLANG_WARN_COMMA = YES;
				CLANG_WARN_CONSTANT_CONVERSION = YES;
				CLANG_WARN_DIRECT_OBJC_ISA_USAGE = YES_ERROR;
				CLANG_WARN_DOCUMENTATION_COMMENTS = YES;
				CLANG_WARN_EMPTY_BODY = YES;
				CLANG_WARN_ENUM_CONVERSION = YES;
				CLANG_WARN_INFINITE_RECURSION = YES;
				CLANG_WARN_INT_CONVERSION = YES;
				CLANG_WARN_NON_LITERAL_NULL_CONVERSION = YES;
				CLANG_WARN_OBJC_LITERAL_CONVERSION = YES;
				CLANG_WARN_OBJC_ROOT_CLASS = YES_ERROR;
				CLANG_WARN_RANGE_LOOP_ANALYSIS = YES;
				CLANG_WARN_STRICT_PROTOTYPES = YES;
				CLANG_WARN_SUSPICIOUS_MOVE = YES;
				CLANG_WARN_UNGUARDED_AVAILABILITY = YES_AGGRESSIVE;
				CLANG_WARN_UNREACHABLE_CODE = YES;
				CLANG_WARN__DUPLICATE_METHOD_MATCH = YES;
				CODE_SIGN_IDENTITY = "iPhone Developer";
				COPY_PHASE_STRIP = NO;
				DEBUG_INFORMATION_FORMAT = "dwarf-with-dsym";
				ENABLE_NS_ASSERTIONS = NO;
				ENABLE_STRICT_OBJC_MSGSEND = YES;
				GCC_C_LANGUAGE_STANDARD = gnu11;
				GCC_NO_COMMON_BLOCKS = YES;
				GCC_WARN_64_TO_32_BIT_CONVERSION = YES;
				GCC_WARN_ABOUT_RETURN_TYPE = YES_ERROR;
				GCC_WARN_UNDECLARED_SELECTOR = YES;
				GCC_WARN_UNINITIALIZED_AUTOS = YES_AGGRESSIVE;
				GCC_WARN_UNUSED_FUNCTION = YES;
				GCC_WARN_UNUSED_VARIABLE = YES;
				IPHONEOS_DEPLOYMENT_TARGET = 11.2;
				MTL_ENABLE_DEBUG_INFO = NO;
				SDKROOT = iphoneos;
				VALIDATE_PRODUCT = YES;
			};
			name = Release;
		};
		9396CA2E22474B3400F6248F /* Debug */ = {
			isa = XCBuildConfiguration;
			baseConfigurationReference = E86903565904018278ACDC05 /* Pods-PetTransport.debug.xcconfig */;
			buildSettings = {
				ASSETCATALOG_COMPILER_APPICON_NAME = AppIcon;
				CODE_SIGN_STYLE = Automatic;
				DEVELOPMENT_TEAM = "";
				INFOPLIST_FILE = PetTransport/Info.plist;
				LD_RUNPATH_SEARCH_PATHS = "$(inherited) @executable_path/Frameworks";
				PRODUCT_BUNDLE_IDENTIFIER = com.petTransport.PetTransport;
				PRODUCT_NAME = "$(TARGET_NAME)";
				TARGETED_DEVICE_FAMILY = "1,2";
			};
			name = Debug;
		};
		9396CA2F22474B3400F6248F /* Release */ = {
			isa = XCBuildConfiguration;
			baseConfigurationReference = AB2B90C4CB40EBE69435845F /* Pods-PetTransport.release.xcconfig */;
			buildSettings = {
				ASSETCATALOG_COMPILER_APPICON_NAME = AppIcon;
				CODE_SIGN_STYLE = Automatic;
				DEVELOPMENT_TEAM = "";
				INFOPLIST_FILE = PetTransport/Info.plist;
				LD_RUNPATH_SEARCH_PATHS = "$(inherited) @executable_path/Frameworks";
				PRODUCT_BUNDLE_IDENTIFIER = com.petTransport.PetTransport;
				PRODUCT_NAME = "$(TARGET_NAME)";
				TARGETED_DEVICE_FAMILY = "1,2";
			};
			name = Release;
		};
		9396CA3122474B3400F6248F /* Debug */ = {
			isa = XCBuildConfiguration;
			buildSettings = {
				BUNDLE_LOADER = "$(TEST_HOST)";
				CODE_SIGN_STYLE = Automatic;
				INFOPLIST_FILE = PetTransportTests/Info.plist;
				LD_RUNPATH_SEARCH_PATHS = "$(inherited) @executable_path/Frameworks @loader_path/Frameworks";
				PRODUCT_BUNDLE_IDENTIFIER = com.petTransport.PetTransportTests;
				PRODUCT_NAME = "$(TARGET_NAME)";
				TARGETED_DEVICE_FAMILY = "1,2";
				TEST_HOST = "$(BUILT_PRODUCTS_DIR)/PetTransport.app/PetTransport";
			};
			name = Debug;
		};
		9396CA3222474B3400F6248F /* Release */ = {
			isa = XCBuildConfiguration;
			buildSettings = {
				BUNDLE_LOADER = "$(TEST_HOST)";
				CODE_SIGN_STYLE = Automatic;
				INFOPLIST_FILE = PetTransportTests/Info.plist;
				LD_RUNPATH_SEARCH_PATHS = "$(inherited) @executable_path/Frameworks @loader_path/Frameworks";
				PRODUCT_BUNDLE_IDENTIFIER = com.petTransport.PetTransportTests;
				PRODUCT_NAME = "$(TARGET_NAME)";
				TARGETED_DEVICE_FAMILY = "1,2";
				TEST_HOST = "$(BUILT_PRODUCTS_DIR)/PetTransport.app/PetTransport";
			};
			name = Release;
		};
		9396CA3422474B3400F6248F /* Debug */ = {
			isa = XCBuildConfiguration;
			buildSettings = {
				CODE_SIGN_STYLE = Automatic;
				INFOPLIST_FILE = PetTransportUITests/Info.plist;
				LD_RUNPATH_SEARCH_PATHS = "$(inherited) @executable_path/Frameworks @loader_path/Frameworks";
				PRODUCT_BUNDLE_IDENTIFIER = com.petTransport.PetTransportUITests;
				PRODUCT_NAME = "$(TARGET_NAME)";
				TARGETED_DEVICE_FAMILY = "1,2";
				TEST_TARGET_NAME = PetTransport;
			};
			name = Debug;
		};
		9396CA3522474B3400F6248F /* Release */ = {
			isa = XCBuildConfiguration;
			buildSettings = {
				CODE_SIGN_STYLE = Automatic;
				INFOPLIST_FILE = PetTransportUITests/Info.plist;
				LD_RUNPATH_SEARCH_PATHS = "$(inherited) @executable_path/Frameworks @loader_path/Frameworks";
				PRODUCT_BUNDLE_IDENTIFIER = com.petTransport.PetTransportUITests;
				PRODUCT_NAME = "$(TARGET_NAME)";
				TARGETED_DEVICE_FAMILY = "1,2";
				TEST_TARGET_NAME = PetTransport;
			};
			name = Release;
		};
/* End XCBuildConfiguration section */

/* Begin XCConfigurationList section */
		9396C9FC22474B3400F6248F /* Build configuration list for PBXProject "PetTransport" */ = {
			isa = XCConfigurationList;
			buildConfigurations = (
				9396CA2B22474B3400F6248F /* Debug */,
				9396CA2C22474B3400F6248F /* Release */,
			);
			defaultConfigurationIsVisible = 0;
			defaultConfigurationName = Release;
		};
		9396CA2D22474B3400F6248F /* Build configuration list for PBXNativeTarget "PetTransport" */ = {
			isa = XCConfigurationList;
			buildConfigurations = (
				9396CA2E22474B3400F6248F /* Debug */,
				9396CA2F22474B3400F6248F /* Release */,
			);
			defaultConfigurationIsVisible = 0;
			defaultConfigurationName = Release;
		};
		9396CA3022474B3400F6248F /* Build configuration list for PBXNativeTarget "PetTransportTests" */ = {
			isa = XCConfigurationList;
			buildConfigurations = (
				9396CA3122474B3400F6248F /* Debug */,
				9396CA3222474B3400F6248F /* Release */,
			);
			defaultConfigurationIsVisible = 0;
			defaultConfigurationName = Release;
		};
		9396CA3322474B3400F6248F /* Build configuration list for PBXNativeTarget "PetTransportUITests" */ = {
			isa = XCConfigurationList;
			buildConfigurations = (
				9396CA3422474B3400F6248F /* Debug */,
				9396CA3522474B3400F6248F /* Release */,
			);
			defaultConfigurationIsVisible = 0;
			defaultConfigurationName = Release;
		};
/* End XCConfigurationList section */
	};
	rootObject = 9396C9F922474B3400F6248F /* Project object */;
}
